// !$*UTF8*$!
{
	archiveVersion = 1;
	classes = {
	};
	objectVersion = 51;
	objects = {

/* Begin PBXBuildFile section */
		0704D5B124ADBADA00138910 /* ViewController.swift in Sources */ = {isa = PBXBuildFile; fileRef = AEBA3140242885F3004BCADC /* ViewController.swift */; };
		0704D5B224ADBAFF00138910 /* StackViewController.swift in Sources */ = {isa = PBXBuildFile; fileRef = E2FB3C3F249FE3C5000A7CAC /* StackViewController.swift */; };
		0704D5B324ADBB0500138910 /* ReportTableCell.swift in Sources */ = {isa = PBXBuildFile; fileRef = E2684FBF2489868A007C7C7B /* ReportTableCell.swift */; };
		0704D5B424ADBB0800138910 /* ReportViewController.swift in Sources */ = {isa = PBXBuildFile; fileRef = E20080C32486923A008EDE28 /* ReportViewController.swift */; };
		0704D5B524ADBB0C00138910 /* ReportDetailViewController.swift in Sources */ = {isa = PBXBuildFile; fileRef = E2684FC124898FC5007C7C7B /* ReportDetailViewController.swift */; };
		0704D5B624ADBBBF00138910 /* GoogleService-Info.plist in Resources */ = {isa = PBXBuildFile; fileRef = E23F5A49247FC1D40067B780 /* GoogleService-Info.plist */; };
		0777CD5224B5CCC400F64865 /* TeamReportViewController.swift in Sources */ = {isa = PBXBuildFile; fileRef = 07C9C43C24B327CE006AAF21 /* TeamReportViewController.swift */; };
		0777CD5324B5CCC700F64865 /* TeamReportModel.swift in Sources */ = {isa = PBXBuildFile; fileRef = 07E32C3224B4423000A3A07A /* TeamReportModel.swift */; };
		0777CD5424B5CCCA00F64865 /* TeamReportCell.swift in Sources */ = {isa = PBXBuildFile; fileRef = 07E32C3024B360E100A3A07A /* TeamReportCell.swift */; };
		0777CD5524B5CCCD00F64865 /* TeamRepDetailViewController.swift in Sources */ = {isa = PBXBuildFile; fileRef = 07C9C43E24B327E6006AAF21 /* TeamRepDetailViewController.swift */; };
		0777CD5724B87BE200F64865 /* TeamTrendViewController.swift in Sources */ = {isa = PBXBuildFile; fileRef = 0777CD5624B87BE200F64865 /* TeamTrendViewController.swift */; };
		0777CD5824B87BE200F64865 /* TeamTrendViewController.swift in Sources */ = {isa = PBXBuildFile; fileRef = 0777CD5624B87BE200F64865 /* TeamTrendViewController.swift */; };
		0777CD5A24B87C0500F64865 /* TeamCustomerInfoViewController.swift in Sources */ = {isa = PBXBuildFile; fileRef = 0777CD5924B87C0500F64865 /* TeamCustomerInfoViewController.swift */; };
		0777CD5B24B87C0500F64865 /* TeamCustomerInfoViewController.swift in Sources */ = {isa = PBXBuildFile; fileRef = 0777CD5924B87C0500F64865 /* TeamCustomerInfoViewController.swift */; };
		0777CD5D24B87F4600F64865 /* SegmentedViewController.swift in Sources */ = {isa = PBXBuildFile; fileRef = 0777CD5C24B87F4600F64865 /* SegmentedViewController.swift */; };
		0777CD5E24B87F4600F64865 /* SegmentedViewController.swift in Sources */ = {isa = PBXBuildFile; fileRef = 0777CD5C24B87F4600F64865 /* SegmentedViewController.swift */; };
		0777CD6024BC653D00F64865 /* TeamCustomerInfoCell.swift in Sources */ = {isa = PBXBuildFile; fileRef = 0777CD5F24BC653C00F64865 /* TeamCustomerInfoCell.swift */; };
		0777CD6124BC653D00F64865 /* TeamCustomerInfoCell.swift in Sources */ = {isa = PBXBuildFile; fileRef = 0777CD5F24BC653C00F64865 /* TeamCustomerInfoCell.swift */; };
		07AFFF8E24C81AD5009433F3 /* CentralContactList.swift in Sources */ = {isa = PBXBuildFile; fileRef = 07AFFF8D24C81AD5009433F3 /* CentralContactList.swift */; };
		07AFFF9224C83D53009433F3 /* CentralContactList.swift in Sources */ = {isa = PBXBuildFile; fileRef = 07AFFF8D24C81AD5009433F3 /* CentralContactList.swift */; };
		07B392A424CABB6000CAFFDF /* VersionMannager.swift in Sources */ = {isa = PBXBuildFile; fileRef = 07B392A324CABB6000CAFFDF /* VersionMannager.swift */; };
		07B392A524CABB6000CAFFDF /* VersionMannager.swift in Sources */ = {isa = PBXBuildFile; fileRef = 07B392A324CABB6000CAFFDF /* VersionMannager.swift */; };
		07C9C43D24B327CE006AAF21 /* TeamReportViewController.swift in Sources */ = {isa = PBXBuildFile; fileRef = 07C9C43C24B327CE006AAF21 /* TeamReportViewController.swift */; };
		07C9C43F24B327E6006AAF21 /* TeamRepDetailViewController.swift in Sources */ = {isa = PBXBuildFile; fileRef = 07C9C43E24B327E6006AAF21 /* TeamRepDetailViewController.swift */; };
		07E32C3124B360E100A3A07A /* TeamReportCell.swift in Sources */ = {isa = PBXBuildFile; fileRef = 07E32C3024B360E100A3A07A /* TeamReportCell.swift */; };
		07E32C3324B4423100A3A07A /* TeamReportModel.swift in Sources */ = {isa = PBXBuildFile; fileRef = 07E32C3224B4423000A3A07A /* TeamReportModel.swift */; };
		0892BD2D24F8EEBA00139DFD /* CentarlContactsListVC.swift in Sources */ = {isa = PBXBuildFile; fileRef = 0892BD2C24F8EEBA00139DFD /* CentarlContactsListVC.swift */; };
		0892BD2E24F8F5B700139DFD /* CentarlContactsListVC.swift in Sources */ = {isa = PBXBuildFile; fileRef = 0892BD2C24F8EEBA00139DFD /* CentarlContactsListVC.swift */; };
		08B14C1C25012E7B00DB5385 /* DoctorDetailInfoVC.swift in Sources */ = {isa = PBXBuildFile; fileRef = 08B14C1B25012E7B00DB5385 /* DoctorDetailInfoVC.swift */; };
		08B14C1D250136B800DB5385 /* DoctorDetailInfoVC.swift in Sources */ = {isa = PBXBuildFile; fileRef = 08B14C1B25012E7B00DB5385 /* DoctorDetailInfoVC.swift */; };
		34E82F58074E99DF0A8164A0 /* Pods_RXSling_Stage.framework in Frameworks */ = {isa = PBXBuildFile; fileRef = 1ABF0FFA1ADA1DE205A918E3 /* Pods_RXSling_Stage.framework */; };
		7D3E7C3F4086798983C31FA2 /* Pods_RXSling_Live.framework in Frameworks */ = {isa = PBXBuildFile; fileRef = 92CAF797E7B1CE8CE6ECEE4A /* Pods_RXSling_Live.framework */; };
		AE090BE0245DF5BC007D3C79 /* RXSling copy-Info.plist in Resources */ = {isa = PBXBuildFile; fileRef = AE090BDF245DF5BC007D3C79 /* RXSling copy-Info.plist */; };
		AE2E5F0D245E9F6F00844F72 /* ResetPasswordVC.swift in Sources */ = {isa = PBXBuildFile; fileRef = AE2E5F0C245E9F6F00844F72 /* ResetPasswordVC.swift */; };
		AE2E5F0E245E9F6F00844F72 /* ResetPasswordVC.swift in Sources */ = {isa = PBXBuildFile; fileRef = AE2E5F0C245E9F6F00844F72 /* ResetPasswordVC.swift */; };
		AE3E31C724348B0800013400 /* HTTPRequest.swift in Sources */ = {isa = PBXBuildFile; fileRef = AE3E31C524348B0800013400 /* HTTPRequest.swift */; };
		AE3E31C824348B0800013400 /* ProfilePic.swift in Sources */ = {isa = PBXBuildFile; fileRef = AE3E31C624348B0800013400 /* ProfilePic.swift */; };
		AE527FF52450647600264931 /* FaqViewController.swift in Sources */ = {isa = PBXBuildFile; fileRef = AE527FF42450647600264931 /* FaqViewController.swift */; };
		AE527FF82450665D00264931 /* FAQTitleTableViewCell.swift in Sources */ = {isa = PBXBuildFile; fileRef = AE527FF62450665D00264931 /* FAQTitleTableViewCell.swift */; };
		AE527FFB2450671200264931 /* ContextLabel.swift in Sources */ = {isa = PBXBuildFile; fileRef = AE527FFA2450671200264931 /* ContextLabel.swift */; };
		AE527FFD245067E900264931 /* FAQDataTableViewCell.swift in Sources */ = {isa = PBXBuildFile; fileRef = AE527FFC245067E900264931 /* FAQDataTableViewCell.swift */; };
		AE527FFF2450B12200264931 /* ProfileViewController.swift in Sources */ = {isa = PBXBuildFile; fileRef = AE527FFE2450B12200264931 /* ProfileViewController.swift */; };
		AE54BB87246AC03C009AAF24 /* RXSling_Dev_Profile.mobileprovision in Resources */ = {isa = PBXBuildFile; fileRef = AE54BB86246AC03C009AAF24 /* RXSling_Dev_Profile.mobileprovision */; };
		AE54BB88246AC03C009AAF24 /* RXSling_Dev_Profile.mobileprovision in Resources */ = {isa = PBXBuildFile; fileRef = AE54BB86246AC03C009AAF24 /* RXSling_Dev_Profile.mobileprovision */; };
		AE54BB8A246AC072009AAF24 /* HelpViewController.swift in Sources */ = {isa = PBXBuildFile; fileRef = AE54BB89246AC072009AAF24 /* HelpViewController.swift */; };
		AE54BB8B246AC072009AAF24 /* HelpViewController.swift in Sources */ = {isa = PBXBuildFile; fileRef = AE54BB89246AC072009AAF24 /* HelpViewController.swift */; };
		AE55F40F243CCE9D005BA703 /* changePasswordViewController.swift in Sources */ = {isa = PBXBuildFile; fileRef = AE55F40E243CCE9D005BA703 /* changePasswordViewController.swift */; };
		AE55F411243CDDCA005BA703 /* ImagePicker.swift in Sources */ = {isa = PBXBuildFile; fileRef = AE55F410243CDDCA005BA703 /* ImagePicker.swift */; };
		AE5B819A2428A28C002AED2B /* SplashScreenViewController.swift in Sources */ = {isa = PBXBuildFile; fileRef = AE5B81992428A28C002AED2B /* SplashScreenViewController.swift */; };
		AE5B819F2428B205002AED2B /* LoginViewController.swift in Sources */ = {isa = PBXBuildFile; fileRef = AE5B819E2428B205002AED2B /* LoginViewController.swift */; };
		AE5B81A12428B354002AED2B /* AutoLayout+Extension.swift in Sources */ = {isa = PBXBuildFile; fileRef = AE5B81A02428B354002AED2B /* AutoLayout+Extension.swift */; };
		AE5B81A42428BC0F002AED2B /* Global.swift in Sources */ = {isa = PBXBuildFile; fileRef = AE5B81A32428BC0F002AED2B /* Global.swift */; };
		AE5B81A62428D0F2002AED2B /* ForgotPinViewController.swift in Sources */ = {isa = PBXBuildFile; fileRef = AE5B81A52428D0F2002AED2B /* ForgotPinViewController.swift */; };
		AEAE8669244F131200C2B2E1 /* Terms&ConditionsView.swift in Sources */ = {isa = PBXBuildFile; fileRef = AEAE8668244F131200C2B2E1 /* Terms&ConditionsView.swift */; };
		AEAE866B244F14A900C2B2E1 /* termsandconditions.html in Resources */ = {isa = PBXBuildFile; fileRef = AEAE866A244F14A900C2B2E1 /* termsandconditions.html */; };
		AEBA313D242885F3004BCADC /* AppDelegate.swift in Sources */ = {isa = PBXBuildFile; fileRef = AEBA313C242885F3004BCADC /* AppDelegate.swift */; };
		AEBA313F242885F3004BCADC /* SceneDelegate.swift in Sources */ = {isa = PBXBuildFile; fileRef = AEBA313E242885F3004BCADC /* SceneDelegate.swift */; };
		AEBA3141242885F3004BCADC /* ViewController.swift in Sources */ = {isa = PBXBuildFile; fileRef = AEBA3140242885F3004BCADC /* ViewController.swift */; };
		AEBA3144242885F3004BCADC /* Main.storyboard in Resources */ = {isa = PBXBuildFile; fileRef = AEBA3142242885F3004BCADC /* Main.storyboard */; };
		AEBA3146242885F5004BCADC /* Assets.xcassets in Resources */ = {isa = PBXBuildFile; fileRef = AEBA3145242885F5004BCADC /* Assets.xcassets */; };
		AEBA3149242885F5004BCADC /* LaunchScreen.storyboard in Resources */ = {isa = PBXBuildFile; fileRef = AEBA3147242885F5004BCADC /* LaunchScreen.storyboard */; };
		AEBA3154242885F5004BCADC /* RXSlingTests.swift in Sources */ = {isa = PBXBuildFile; fileRef = AEBA3153242885F5004BCADC /* RXSlingTests.swift */; };
		AEBA315F242885F5004BCADC /* RXSlingUITests.swift in Sources */ = {isa = PBXBuildFile; fileRef = AEBA315E242885F5004BCADC /* RXSlingUITests.swift */; };
		AEEA1BD62429DA38003CC9B9 /* ValidatePhoneNumberVC.swift in Sources */ = {isa = PBXBuildFile; fileRef = AEEA1BD52429DA38003CC9B9 /* ValidatePhoneNumberVC.swift */; };
		AEEA1BD82429DA90003CC9B9 /* OTPViewController.swift in Sources */ = {isa = PBXBuildFile; fileRef = AEEA1BD72429DA90003CC9B9 /* OTPViewController.swift */; };
		AEEA1BDA2429DAB8003CC9B9 /* RegistrationViewController.swift in Sources */ = {isa = PBXBuildFile; fileRef = AEEA1BD92429DAB8003CC9B9 /* RegistrationViewController.swift */; };
		AEEA1BDD2429DF8C003CC9B9 /* Reachability.swift in Sources */ = {isa = PBXBuildFile; fileRef = AEEA1BDC2429DF8C003CC9B9 /* Reachability.swift */; };
		AEF702442446F86200A87810 /* MenuTableViewController.swift in Sources */ = {isa = PBXBuildFile; fileRef = AEF702422446F86200A87810 /* MenuTableViewController.swift */; };
		AEF702452446F86200A87810 /* MySideMenuNavigationController.swift in Sources */ = {isa = PBXBuildFile; fileRef = AEF702432446F86200A87810 /* MySideMenuNavigationController.swift */; };
		DF700B5E2D8311D393C31479 /* libPods-RXSlingTests.a in Frameworks */ = {isa = PBXBuildFile; fileRef = E24A3B3E6B16170CBA02D636 /* libPods-RXSlingTests.a */; };
		E20080C42486923A008EDE28 /* ReportViewController.swift in Sources */ = {isa = PBXBuildFile; fileRef = E20080C32486923A008EDE28 /* ReportViewController.swift */; };
		E21D960824D8408A00842CBE /* Localizable.strings in Resources */ = {isa = PBXBuildFile; fileRef = E21D960B24D8408A00842CBE /* Localizable.strings */; };
		E21D960924D8408A00842CBE /* Localizable.strings in Resources */ = {isa = PBXBuildFile; fileRef = E21D960B24D8408A00842CBE /* Localizable.strings */; };
		E23F5A4A247FC1D50067B780 /* GoogleService-Info.plist in Resources */ = {isa = PBXBuildFile; fileRef = E23F5A49247FC1D40067B780 /* GoogleService-Info.plist */; };
		E2684FC02489868C007C7C7B /* ReportTableCell.swift in Sources */ = {isa = PBXBuildFile; fileRef = E2684FBF2489868A007C7C7B /* ReportTableCell.swift */; };
		E2684FC224898FC5007C7C7B /* ReportDetailViewController.swift in Sources */ = {isa = PBXBuildFile; fileRef = E2684FC124898FC5007C7C7B /* ReportDetailViewController.swift */; };
		E2FB3C40249FE3C5000A7CAC /* StackViewController.swift in Sources */ = {isa = PBXBuildFile; fileRef = E2FB3C3F249FE3C5000A7CAC /* StackViewController.swift */; };
		F440458E0DAFDED02A150A48 /* libPods-RXSlingUITests.a in Frameworks */ = {isa = PBXBuildFile; fileRef = 377562C009B99D7287A9CC62 /* libPods-RXSlingUITests.a */; };
		FD1C461B2452E1470008554B /* SNTModel.swift in Sources */ = {isa = PBXBuildFile; fileRef = FD1C461A2452E1470008554B /* SNTModel.swift */; };
		FD1C461F2452FDED0008554B /* Constants.swift in Sources */ = {isa = PBXBuildFile; fileRef = FD1C461E2452FDED0008554B /* Constants.swift */; };
		FD1C46202452FDED0008554B /* Constants.swift in Sources */ = {isa = PBXBuildFile; fileRef = FD1C461E2452FDED0008554B /* Constants.swift */; };
		FD1C46212452FDED0008554B /* Constants.swift in Sources */ = {isa = PBXBuildFile; fileRef = FD1C461E2452FDED0008554B /* Constants.swift */; };
		FD1F053B24569C3D00CE3B47 /* PlaySntViewController.swift in Sources */ = {isa = PBXBuildFile; fileRef = FD1F053A24569C3D00CE3B47 /* PlaySntViewController.swift */; };
		FD1F053C24569C3D00CE3B47 /* PlaySntViewController.swift in Sources */ = {isa = PBXBuildFile; fileRef = FD1F053A24569C3D00CE3B47 /* PlaySntViewController.swift */; };
		FD1F053D24569C3D00CE3B47 /* PlaySntViewController.swift in Sources */ = {isa = PBXBuildFile; fileRef = FD1F053A24569C3D00CE3B47 /* PlaySntViewController.swift */; };
		FD1F053E24569C3D00CE3B47 /* PlaySntViewController.swift in Sources */ = {isa = PBXBuildFile; fileRef = FD1F053A24569C3D00CE3B47 /* PlaySntViewController.swift */; };
		FD1F054024569C4F00CE3B47 /* ShareSntViewController.swift in Sources */ = {isa = PBXBuildFile; fileRef = FD1F053F24569C4F00CE3B47 /* ShareSntViewController.swift */; };
		FD1F054124569C4F00CE3B47 /* ShareSntViewController.swift in Sources */ = {isa = PBXBuildFile; fileRef = FD1F053F24569C4F00CE3B47 /* ShareSntViewController.swift */; };
		FD1F054224569C4F00CE3B47 /* ShareSntViewController.swift in Sources */ = {isa = PBXBuildFile; fileRef = FD1F053F24569C4F00CE3B47 /* ShareSntViewController.swift */; };
		FD1F054324569C4F00CE3B47 /* ShareSntViewController.swift in Sources */ = {isa = PBXBuildFile; fileRef = FD1F053F24569C4F00CE3B47 /* ShareSntViewController.swift */; };
		FD1F05452456A3BE00CE3B47 /* DashboardTableCell.swift in Sources */ = {isa = PBXBuildFile; fileRef = FD1F05442456A3BE00CE3B47 /* DashboardTableCell.swift */; };
		FD1F05462456A3BE00CE3B47 /* DashboardTableCell.swift in Sources */ = {isa = PBXBuildFile; fileRef = FD1F05442456A3BE00CE3B47 /* DashboardTableCell.swift */; };
		FD1F05472456A3BE00CE3B47 /* DashboardTableCell.swift in Sources */ = {isa = PBXBuildFile; fileRef = FD1F05442456A3BE00CE3B47 /* DashboardTableCell.swift */; };
		FD1F05482456A3BE00CE3B47 /* DashboardTableCell.swift in Sources */ = {isa = PBXBuildFile; fileRef = FD1F05442456A3BE00CE3B47 /* DashboardTableCell.swift */; };
		FD1F054A2456A42A00CE3B47 /* Utility.swift in Sources */ = {isa = PBXBuildFile; fileRef = FD1F05492456A42A00CE3B47 /* Utility.swift */; };
		FD1F054B2456A42A00CE3B47 /* Utility.swift in Sources */ = {isa = PBXBuildFile; fileRef = FD1F05492456A42A00CE3B47 /* Utility.swift */; };
		FD1F054C2456A42A00CE3B47 /* Utility.swift in Sources */ = {isa = PBXBuildFile; fileRef = FD1F05492456A42A00CE3B47 /* Utility.swift */; };
		FD1F054D2456A42A00CE3B47 /* Utility.swift in Sources */ = {isa = PBXBuildFile; fileRef = FD1F05492456A42A00CE3B47 /* Utility.swift */; };
		FD1F054F2456A49000CE3B47 /* Extensions.swift in Sources */ = {isa = PBXBuildFile; fileRef = FD1F054E2456A49000CE3B47 /* Extensions.swift */; };
		FD1F05502456A49000CE3B47 /* Extensions.swift in Sources */ = {isa = PBXBuildFile; fileRef = FD1F054E2456A49000CE3B47 /* Extensions.swift */; };
		FD1F05512456A49000CE3B47 /* Extensions.swift in Sources */ = {isa = PBXBuildFile; fileRef = FD1F054E2456A49000CE3B47 /* Extensions.swift */; };
		FD1F05522456A49000CE3B47 /* Extensions.swift in Sources */ = {isa = PBXBuildFile; fileRef = FD1F054E2456A49000CE3B47 /* Extensions.swift */; };
		FD4DCE4D24544EEB004EC8A7 /* Global.swift in Sources */ = {isa = PBXBuildFile; fileRef = AE5B81A32428BC0F002AED2B /* Global.swift */; };
		FD4DCE4E24544EEB004EC8A7 /* MySideMenuNavigationController.swift in Sources */ = {isa = PBXBuildFile; fileRef = AEF702432446F86200A87810 /* MySideMenuNavigationController.swift */; };
		FD4DCE4F24544EEB004EC8A7 /* LoginViewController.swift in Sources */ = {isa = PBXBuildFile; fileRef = AE5B819E2428B205002AED2B /* LoginViewController.swift */; };
		FD4DCE5024544EEB004EC8A7 /* FAQTitleTableViewCell.swift in Sources */ = {isa = PBXBuildFile; fileRef = AE527FF62450665D00264931 /* FAQTitleTableViewCell.swift */; };
		FD4DCE5124544EEB004EC8A7 /* ProfilePic.swift in Sources */ = {isa = PBXBuildFile; fileRef = AE3E31C624348B0800013400 /* ProfilePic.swift */; };
		FD4DCE5224544EEB004EC8A7 /* ImagePicker.swift in Sources */ = {isa = PBXBuildFile; fileRef = AE55F410243CDDCA005BA703 /* ImagePicker.swift */; };
		FD4DCE5424544EEB004EC8A7 /* SNTModel.swift in Sources */ = {isa = PBXBuildFile; fileRef = FD1C461A2452E1470008554B /* SNTModel.swift */; };
		FD4DCE5624544EEB004EC8A7 /* Terms&ConditionsView.swift in Sources */ = {isa = PBXBuildFile; fileRef = AEAE8668244F131200C2B2E1 /* Terms&ConditionsView.swift */; };
		FD4DCE5724544EEB004EC8A7 /* ValidatePhoneNumberVC.swift in Sources */ = {isa = PBXBuildFile; fileRef = AEEA1BD52429DA38003CC9B9 /* ValidatePhoneNumberVC.swift */; };
		FD4DCE5824544EEB004EC8A7 /* FAQDataTableViewCell.swift in Sources */ = {isa = PBXBuildFile; fileRef = AE527FFC245067E900264931 /* FAQDataTableViewCell.swift */; };
		FD4DCE5924544EEB004EC8A7 /* ContextLabel.swift in Sources */ = {isa = PBXBuildFile; fileRef = AE527FFA2450671200264931 /* ContextLabel.swift */; };
		FD4DCE5A24544EEB004EC8A7 /* AutoLayout+Extension.swift in Sources */ = {isa = PBXBuildFile; fileRef = AE5B81A02428B354002AED2B /* AutoLayout+Extension.swift */; };
		FD4DCE5B24544EEB004EC8A7 /* RegistrationViewController.swift in Sources */ = {isa = PBXBuildFile; fileRef = AEEA1BD92429DAB8003CC9B9 /* RegistrationViewController.swift */; };
		FD4DCE5C24544EEB004EC8A7 /* OTPViewController.swift in Sources */ = {isa = PBXBuildFile; fileRef = AEEA1BD72429DA90003CC9B9 /* OTPViewController.swift */; };
		FD4DCE5D24544EEB004EC8A7 /* changePasswordViewController.swift in Sources */ = {isa = PBXBuildFile; fileRef = AE55F40E243CCE9D005BA703 /* changePasswordViewController.swift */; };
		FD4DCE5E24544EEB004EC8A7 /* AppDelegate.swift in Sources */ = {isa = PBXBuildFile; fileRef = AEBA313C242885F3004BCADC /* AppDelegate.swift */; };
		FD4DCE5F24544EEB004EC8A7 /* ForgotPinViewController.swift in Sources */ = {isa = PBXBuildFile; fileRef = AE5B81A52428D0F2002AED2B /* ForgotPinViewController.swift */; };
		FD4DCE6024544EEB004EC8A7 /* SplashScreenViewController.swift in Sources */ = {isa = PBXBuildFile; fileRef = AE5B81992428A28C002AED2B /* SplashScreenViewController.swift */; };
		FD4DCE6124544EEB004EC8A7 /* MenuTableViewController.swift in Sources */ = {isa = PBXBuildFile; fileRef = AEF702422446F86200A87810 /* MenuTableViewController.swift */; };
		FD4DCE6224544EEB004EC8A7 /* HTTPRequest.swift in Sources */ = {isa = PBXBuildFile; fileRef = AE3E31C524348B0800013400 /* HTTPRequest.swift */; };
		FD4DCE6324544EEB004EC8A7 /* SceneDelegate.swift in Sources */ = {isa = PBXBuildFile; fileRef = AEBA313E242885F3004BCADC /* SceneDelegate.swift */; };
		FD4DCE6424544EEB004EC8A7 /* ProfileViewController.swift in Sources */ = {isa = PBXBuildFile; fileRef = AE527FFE2450B12200264931 /* ProfileViewController.swift */; };
		FD4DCE6524544EEB004EC8A7 /* Reachability.swift in Sources */ = {isa = PBXBuildFile; fileRef = AEEA1BDC2429DF8C003CC9B9 /* Reachability.swift */; };
		FD4DCE6624544EEB004EC8A7 /* FaqViewController.swift in Sources */ = {isa = PBXBuildFile; fileRef = AE527FF42450647600264931 /* FaqViewController.swift */; };
		FD4DCE6724544EEB004EC8A7 /* Constants.swift in Sources */ = {isa = PBXBuildFile; fileRef = FD1C461E2452FDED0008554B /* Constants.swift */; };
		FD4DCE6B24544EEB004EC8A7 /* LaunchScreen.storyboard in Resources */ = {isa = PBXBuildFile; fileRef = AEBA3147242885F5004BCADC /* LaunchScreen.storyboard */; };
		FD4DCE6D24544EEB004EC8A7 /* Assets.xcassets in Resources */ = {isa = PBXBuildFile; fileRef = AEBA3145242885F5004BCADC /* Assets.xcassets */; };
		FD4DCE6E24544EEB004EC8A7 /* Main.storyboard in Resources */ = {isa = PBXBuildFile; fileRef = AEBA3142242885F3004BCADC /* Main.storyboard */; };
		FD4DCE6F24544EEB004EC8A7 /* termsandconditions.html in Resources */ = {isa = PBXBuildFile; fileRef = AEAE866A244F14A900C2B2E1 /* termsandconditions.html */; };
		FDD8702D2456CCD7002FBE14 /* DesignableView.swift in Sources */ = {isa = PBXBuildFile; fileRef = FDD8702C2456CCD7002FBE14 /* DesignableView.swift */; };
		FDD8702E2456CCD7002FBE14 /* DesignableView.swift in Sources */ = {isa = PBXBuildFile; fileRef = FDD8702C2456CCD7002FBE14 /* DesignableView.swift */; };
		FDD8702F2456CCD7002FBE14 /* DesignableView.swift in Sources */ = {isa = PBXBuildFile; fileRef = FDD8702C2456CCD7002FBE14 /* DesignableView.swift */; };
		FDD870302456CCD7002FBE14 /* DesignableView.swift in Sources */ = {isa = PBXBuildFile; fileRef = FDD8702C2456CCD7002FBE14 /* DesignableView.swift */; };
		FDF019CC2457FCFA00B7AC9D /* ContactsManager.swift in Sources */ = {isa = PBXBuildFile; fileRef = FDF019CB2457FCFA00B7AC9D /* ContactsManager.swift */; };
		FDF019CD2457FCFA00B7AC9D /* ContactsManager.swift in Sources */ = {isa = PBXBuildFile; fileRef = FDF019CB2457FCFA00B7AC9D /* ContactsManager.swift */; };
		FDF74BD9245AD5AA0045EE5D /* ShareViewController.swift in Sources */ = {isa = PBXBuildFile; fileRef = FDF74BD8245AD5AA0045EE5D /* ShareViewController.swift */; };
		FDF74BDA245AD5AA0045EE5D /* ShareViewController.swift in Sources */ = {isa = PBXBuildFile; fileRef = FDF74BD8245AD5AA0045EE5D /* ShareViewController.swift */; };
		FDF74BDB245AD5AA0045EE5D /* ShareViewController.swift in Sources */ = {isa = PBXBuildFile; fileRef = FDF74BD8245AD5AA0045EE5D /* ShareViewController.swift */; };
		FDF74BDC245AD5AA0045EE5D /* ShareViewController.swift in Sources */ = {isa = PBXBuildFile; fileRef = FDF74BD8245AD5AA0045EE5D /* ShareViewController.swift */; };
		FDFCEA44246288500037AE00 /* AttributedStringBuilder.swift in Sources */ = {isa = PBXBuildFile; fileRef = FDFCEA43246288500037AE00 /* AttributedStringBuilder.swift */; };
		FDFCEA45246288500037AE00 /* AttributedStringBuilder.swift in Sources */ = {isa = PBXBuildFile; fileRef = FDFCEA43246288500037AE00 /* AttributedStringBuilder.swift */; };
		FDFCEA46246288500037AE00 /* AttributedStringBuilder.swift in Sources */ = {isa = PBXBuildFile; fileRef = FDFCEA43246288500037AE00 /* AttributedStringBuilder.swift */; };
		FDFCEA47246288500037AE00 /* AttributedStringBuilder.swift in Sources */ = {isa = PBXBuildFile; fileRef = FDFCEA43246288500037AE00 /* AttributedStringBuilder.swift */; };
/* End PBXBuildFile section */

/* Begin PBXContainerItemProxy section */
		AEBA3150242885F5004BCADC /* PBXContainerItemProxy */ = {
			isa = PBXContainerItemProxy;
			containerPortal = AEBA3131242885F3004BCADC /* Project object */;
			proxyType = 1;
			remoteGlobalIDString = AEBA3138242885F3004BCADC;
			remoteInfo = RXSling;
		};
		AEBA315B242885F5004BCADC /* PBXContainerItemProxy */ = {
			isa = PBXContainerItemProxy;
			containerPortal = AEBA3131242885F3004BCADC /* Project object */;
			proxyType = 1;
			remoteGlobalIDString = AEBA3138242885F3004BCADC;
			remoteInfo = RXSling;
		};
/* End PBXContainerItemProxy section */

/* Begin PBXFileReference section */
		0777CD5624B87BE200F64865 /* TeamTrendViewController.swift */ = {isa = PBXFileReference; lastKnownFileType = sourcecode.swift; path = TeamTrendViewController.swift; sourceTree = "<group>"; };
		0777CD5924B87C0500F64865 /* TeamCustomerInfoViewController.swift */ = {isa = PBXFileReference; lastKnownFileType = sourcecode.swift; path = TeamCustomerInfoViewController.swift; sourceTree = "<group>"; };
		0777CD5C24B87F4600F64865 /* SegmentedViewController.swift */ = {isa = PBXFileReference; lastKnownFileType = sourcecode.swift; path = SegmentedViewController.swift; sourceTree = "<group>"; };
		0777CD5F24BC653C00F64865 /* TeamCustomerInfoCell.swift */ = {isa = PBXFileReference; lastKnownFileType = sourcecode.swift; path = TeamCustomerInfoCell.swift; sourceTree = "<group>"; };
		07AFFF8D24C81AD5009433F3 /* CentralContactList.swift */ = {isa = PBXFileReference; lastKnownFileType = sourcecode.swift; path = CentralContactList.swift; sourceTree = "<group>"; };
		07B392A324CABB6000CAFFDF /* VersionMannager.swift */ = {isa = PBXFileReference; lastKnownFileType = sourcecode.swift; path = VersionMannager.swift; sourceTree = "<group>"; };
		07C9C43C24B327CE006AAF21 /* TeamReportViewController.swift */ = {isa = PBXFileReference; lastKnownFileType = sourcecode.swift; path = TeamReportViewController.swift; sourceTree = "<group>"; };
		07C9C43E24B327E6006AAF21 /* TeamRepDetailViewController.swift */ = {isa = PBXFileReference; lastKnownFileType = sourcecode.swift; path = TeamRepDetailViewController.swift; sourceTree = "<group>"; };
		07E32C3024B360E100A3A07A /* TeamReportCell.swift */ = {isa = PBXFileReference; lastKnownFileType = sourcecode.swift; path = TeamReportCell.swift; sourceTree = "<group>"; };
		07E32C3224B4423000A3A07A /* TeamReportModel.swift */ = {isa = PBXFileReference; lastKnownFileType = sourcecode.swift; path = TeamReportModel.swift; sourceTree = "<group>"; };
		0892BD2C24F8EEBA00139DFD /* CentarlContactsListVC.swift */ = {isa = PBXFileReference; lastKnownFileType = sourcecode.swift; path = CentarlContactsListVC.swift; sourceTree = "<group>"; };
		08B14C1B25012E7B00DB5385 /* DoctorDetailInfoVC.swift */ = {isa = PBXFileReference; lastKnownFileType = sourcecode.swift; path = DoctorDetailInfoVC.swift; sourceTree = "<group>"; };
		157454F22648B15A7B98FA42 /* Pods-RXSling Live.release.xcconfig */ = {isa = PBXFileReference; includeInIndex = 1; lastKnownFileType = text.xcconfig; name = "Pods-RXSling Live.release.xcconfig"; path = "Target Support Files/Pods-RXSling Live/Pods-RXSling Live.release.xcconfig"; sourceTree = "<group>"; };
		17FDE8740B08620ABE7351DD /* Pods-RXSling.release.xcconfig */ = {isa = PBXFileReference; includeInIndex = 1; lastKnownFileType = text.xcconfig; name = "Pods-RXSling.release.xcconfig"; path = "Target Support Files/Pods-RXSling/Pods-RXSling.release.xcconfig"; sourceTree = "<group>"; };
		1ABF0FFA1ADA1DE205A918E3 /* Pods_RXSling_Stage.framework */ = {isa = PBXFileReference; explicitFileType = wrapper.framework; includeInIndex = 0; path = Pods_RXSling_Stage.framework; sourceTree = BUILT_PRODUCTS_DIR; };
		337E5AF9D4BEAD7736FFC270 /* Pods-RXSlingUITests.release.xcconfig */ = {isa = PBXFileReference; includeInIndex = 1; lastKnownFileType = text.xcconfig; name = "Pods-RXSlingUITests.release.xcconfig"; path = "Target Support Files/Pods-RXSlingUITests/Pods-RXSlingUITests.release.xcconfig"; sourceTree = "<group>"; };
		377562C009B99D7287A9CC62 /* libPods-RXSlingUITests.a */ = {isa = PBXFileReference; explicitFileType = archive.ar; includeInIndex = 0; path = "libPods-RXSlingUITests.a"; sourceTree = BUILT_PRODUCTS_DIR; };
		38F9117C507F6E3318E04EDE /* Pods-RXSlingTests.release.xcconfig */ = {isa = PBXFileReference; includeInIndex = 1; lastKnownFileType = text.xcconfig; name = "Pods-RXSlingTests.release.xcconfig"; path = "Target Support Files/Pods-RXSlingTests/Pods-RXSlingTests.release.xcconfig"; sourceTree = "<group>"; };
		42D196C238B51CFCD53C0352 /* Pods-RXSling.debug.xcconfig */ = {isa = PBXFileReference; includeInIndex = 1; lastKnownFileType = text.xcconfig; name = "Pods-RXSling.debug.xcconfig"; path = "Target Support Files/Pods-RXSling/Pods-RXSling.debug.xcconfig"; sourceTree = "<group>"; };
		5582600BDAF2A170E0550181 /* Pods-RXSling Stage.release.xcconfig */ = {isa = PBXFileReference; includeInIndex = 1; lastKnownFileType = text.xcconfig; name = "Pods-RXSling Stage.release.xcconfig"; path = "Target Support Files/Pods-RXSling Stage/Pods-RXSling Stage.release.xcconfig"; sourceTree = "<group>"; };
		7A3B58AAFC4C0EE6DF56AD1F /* Pods-RXSling Live.debug.xcconfig */ = {isa = PBXFileReference; includeInIndex = 1; lastKnownFileType = text.xcconfig; name = "Pods-RXSling Live.debug.xcconfig"; path = "Target Support Files/Pods-RXSling Live/Pods-RXSling Live.debug.xcconfig"; sourceTree = "<group>"; };
		92CAF797E7B1CE8CE6ECEE4A /* Pods_RXSling_Live.framework */ = {isa = PBXFileReference; explicitFileType = wrapper.framework; includeInIndex = 0; path = Pods_RXSling_Live.framework; sourceTree = BUILT_PRODUCTS_DIR; };
		9ED07CD0EBEC4AEE1B2C4E71 /* Pods-RXSlingTests.debug.xcconfig */ = {isa = PBXFileReference; includeInIndex = 1; lastKnownFileType = text.xcconfig; name = "Pods-RXSlingTests.debug.xcconfig"; path = "Target Support Files/Pods-RXSlingTests/Pods-RXSlingTests.debug.xcconfig"; sourceTree = "<group>"; };
		A87F5AF6BE9243DE2D0F0B69 /* Pods-RXSling Stage.debug.xcconfig */ = {isa = PBXFileReference; includeInIndex = 1; lastKnownFileType = text.xcconfig; name = "Pods-RXSling Stage.debug.xcconfig"; path = "Target Support Files/Pods-RXSling Stage/Pods-RXSling Stage.debug.xcconfig"; sourceTree = "<group>"; };
		AD3FAD589A0643CE3624419F /* Pods-RXSling-RXSlingUITests.release.xcconfig */ = {isa = PBXFileReference; includeInIndex = 1; lastKnownFileType = text.xcconfig; name = "Pods-RXSling-RXSlingUITests.release.xcconfig"; path = "Target Support Files/Pods-RXSling-RXSlingUITests/Pods-RXSling-RXSlingUITests.release.xcconfig"; sourceTree = "<group>"; };
		AE090BDF245DF5BC007D3C79 /* RXSling copy-Info.plist */ = {isa = PBXFileReference; lastKnownFileType = text.plist; path = "RXSling copy-Info.plist"; sourceTree = SOURCE_ROOT; };
		AE2E5F0C245E9F6F00844F72 /* ResetPasswordVC.swift */ = {isa = PBXFileReference; fileEncoding = 4; lastKnownFileType = sourcecode.swift; path = ResetPasswordVC.swift; sourceTree = "<group>"; };
		AE2E5F12245F07EB00844F72 /* RXSling.entitlements */ = {isa = PBXFileReference; lastKnownFileType = text.plist.entitlements; path = RXSling.entitlements; sourceTree = "<group>"; };
		AE2E5F13245F09FC00844F72 /* RXSling STAGE.entitlements */ = {isa = PBXFileReference; lastKnownFileType = text.plist.entitlements; path = "RXSling STAGE.entitlements"; sourceTree = "<group>"; };
		AE3E31C524348B0800013400 /* HTTPRequest.swift */ = {isa = PBXFileReference; fileEncoding = 4; lastKnownFileType = sourcecode.swift; path = HTTPRequest.swift; sourceTree = "<group>"; };
		AE3E31C624348B0800013400 /* ProfilePic.swift */ = {isa = PBXFileReference; fileEncoding = 4; lastKnownFileType = sourcecode.swift; path = ProfilePic.swift; sourceTree = "<group>"; };
		AE527FF42450647600264931 /* FaqViewController.swift */ = {isa = PBXFileReference; fileEncoding = 4; lastKnownFileType = sourcecode.swift; path = FaqViewController.swift; sourceTree = "<group>"; };
		AE527FF62450665D00264931 /* FAQTitleTableViewCell.swift */ = {isa = PBXFileReference; fileEncoding = 4; lastKnownFileType = sourcecode.swift; path = FAQTitleTableViewCell.swift; sourceTree = "<group>"; };
		AE527FFA2450671200264931 /* ContextLabel.swift */ = {isa = PBXFileReference; fileEncoding = 4; lastKnownFileType = sourcecode.swift; path = ContextLabel.swift; sourceTree = "<group>"; };
		AE527FFC245067E900264931 /* FAQDataTableViewCell.swift */ = {isa = PBXFileReference; lastKnownFileType = sourcecode.swift; path = FAQDataTableViewCell.swift; sourceTree = "<group>"; };
		AE527FFE2450B12200264931 /* ProfileViewController.swift */ = {isa = PBXFileReference; fileEncoding = 4; lastKnownFileType = sourcecode.swift; path = ProfileViewController.swift; sourceTree = "<group>"; };
		AE54BB86246AC03C009AAF24 /* RXSling_Dev_Profile.mobileprovision */ = {isa = PBXFileReference; lastKnownFileType = file; path = RXSling_Dev_Profile.mobileprovision; sourceTree = "<group>"; };
		AE54BB89246AC072009AAF24 /* HelpViewController.swift */ = {isa = PBXFileReference; fileEncoding = 4; lastKnownFileType = sourcecode.swift; path = HelpViewController.swift; sourceTree = "<group>"; };
		AE55F40E243CCE9D005BA703 /* changePasswordViewController.swift */ = {isa = PBXFileReference; lastKnownFileType = sourcecode.swift; path = changePasswordViewController.swift; sourceTree = "<group>"; };
		AE55F410243CDDCA005BA703 /* ImagePicker.swift */ = {isa = PBXFileReference; fileEncoding = 4; lastKnownFileType = sourcecode.swift; path = ImagePicker.swift; sourceTree = "<group>"; };
		AE5B81992428A28C002AED2B /* SplashScreenViewController.swift */ = {isa = PBXFileReference; lastKnownFileType = sourcecode.swift; path = SplashScreenViewController.swift; sourceTree = "<group>"; };
		AE5B819E2428B205002AED2B /* LoginViewController.swift */ = {isa = PBXFileReference; lastKnownFileType = sourcecode.swift; path = LoginViewController.swift; sourceTree = "<group>"; };
		AE5B81A02428B354002AED2B /* AutoLayout+Extension.swift */ = {isa = PBXFileReference; fileEncoding = 4; lastKnownFileType = sourcecode.swift; path = "AutoLayout+Extension.swift"; sourceTree = "<group>"; };
		AE5B81A32428BC0F002AED2B /* Global.swift */ = {isa = PBXFileReference; lastKnownFileType = sourcecode.swift; path = Global.swift; sourceTree = "<group>"; };
		AE5B81A52428D0F2002AED2B /* ForgotPinViewController.swift */ = {isa = PBXFileReference; lastKnownFileType = sourcecode.swift; path = ForgotPinViewController.swift; sourceTree = "<group>"; };
		AEAE8668244F131200C2B2E1 /* Terms&ConditionsView.swift */ = {isa = PBXFileReference; fileEncoding = 4; lastKnownFileType = sourcecode.swift; path = "Terms&ConditionsView.swift"; sourceTree = "<group>"; };
		AEAE866A244F14A900C2B2E1 /* termsandconditions.html */ = {isa = PBXFileReference; fileEncoding = 4; lastKnownFileType = text.html; path = termsandconditions.html; sourceTree = "<group>"; };
		AEBA3139242885F3004BCADC /* RXSling_STAGE.app */ = {isa = PBXFileReference; explicitFileType = wrapper.application; includeInIndex = 0; path = RXSling_STAGE.app; sourceTree = BUILT_PRODUCTS_DIR; };
		AEBA313C242885F3004BCADC /* AppDelegate.swift */ = {isa = PBXFileReference; lastKnownFileType = sourcecode.swift; path = AppDelegate.swift; sourceTree = "<group>"; };
		AEBA313E242885F3004BCADC /* SceneDelegate.swift */ = {isa = PBXFileReference; lastKnownFileType = sourcecode.swift; path = SceneDelegate.swift; sourceTree = "<group>"; };
		AEBA3140242885F3004BCADC /* ViewController.swift */ = {isa = PBXFileReference; lastKnownFileType = sourcecode.swift; name = ViewController.swift; path = Dashboard/ViewController.swift; sourceTree = "<group>"; };
		AEBA3143242885F3004BCADC /* Base */ = {isa = PBXFileReference; lastKnownFileType = file.storyboard; name = Base; path = Base.lproj/Main.storyboard; sourceTree = "<group>"; };
		AEBA3145242885F5004BCADC /* Assets.xcassets */ = {isa = PBXFileReference; lastKnownFileType = folder.assetcatalog; path = Assets.xcassets; sourceTree = "<group>"; };
		AEBA3148242885F5004BCADC /* Base */ = {isa = PBXFileReference; lastKnownFileType = file.storyboard; name = Base; path = Base.lproj/LaunchScreen.storyboard; sourceTree = "<group>"; };
		AEBA314A242885F5004BCADC /* Info.plist */ = {isa = PBXFileReference; lastKnownFileType = text.plist.xml; path = Info.plist; sourceTree = "<group>"; };
		AEBA314F242885F5004BCADC /* RXSlingTests.xctest */ = {isa = PBXFileReference; explicitFileType = wrapper.cfbundle; includeInIndex = 0; path = RXSlingTests.xctest; sourceTree = BUILT_PRODUCTS_DIR; };
		AEBA3153242885F5004BCADC /* RXSlingTests.swift */ = {isa = PBXFileReference; lastKnownFileType = sourcecode.swift; path = RXSlingTests.swift; sourceTree = "<group>"; };
		AEBA3155242885F5004BCADC /* Info.plist */ = {isa = PBXFileReference; lastKnownFileType = text.plist.xml; path = Info.plist; sourceTree = "<group>"; };
		AEBA315A242885F5004BCADC /* RXSlingUITests.xctest */ = {isa = PBXFileReference; explicitFileType = wrapper.cfbundle; includeInIndex = 0; path = RXSlingUITests.xctest; sourceTree = BUILT_PRODUCTS_DIR; };
		AEBA315E242885F5004BCADC /* RXSlingUITests.swift */ = {isa = PBXFileReference; lastKnownFileType = sourcecode.swift; path = RXSlingUITests.swift; sourceTree = "<group>"; };
		AEBA3160242885F5004BCADC /* Info.plist */ = {isa = PBXFileReference; lastKnownFileType = text.plist.xml; path = Info.plist; sourceTree = "<group>"; };
		AEEA1BD52429DA38003CC9B9 /* ValidatePhoneNumberVC.swift */ = {isa = PBXFileReference; lastKnownFileType = sourcecode.swift; path = ValidatePhoneNumberVC.swift; sourceTree = "<group>"; };
		AEEA1BD72429DA90003CC9B9 /* OTPViewController.swift */ = {isa = PBXFileReference; lastKnownFileType = sourcecode.swift; path = OTPViewController.swift; sourceTree = "<group>"; };
		AEEA1BD92429DAB8003CC9B9 /* RegistrationViewController.swift */ = {isa = PBXFileReference; lastKnownFileType = sourcecode.swift; path = RegistrationViewController.swift; sourceTree = "<group>"; };
		AEEA1BDC2429DF8C003CC9B9 /* Reachability.swift */ = {isa = PBXFileReference; lastKnownFileType = sourcecode.swift; path = Reachability.swift; sourceTree = "<group>"; };
		AEF702422446F86200A87810 /* MenuTableViewController.swift */ = {isa = PBXFileReference; fileEncoding = 4; lastKnownFileType = sourcecode.swift; path = MenuTableViewController.swift; sourceTree = "<group>"; };
		AEF702432446F86200A87810 /* MySideMenuNavigationController.swift */ = {isa = PBXFileReference; fileEncoding = 4; lastKnownFileType = sourcecode.swift; path = MySideMenuNavigationController.swift; sourceTree = "<group>"; };
		B18BCB06EFD30365FF3725A2 /* Pods-RXSling-RXSlingUITests.debug.xcconfig */ = {isa = PBXFileReference; includeInIndex = 1; lastKnownFileType = text.xcconfig; name = "Pods-RXSling-RXSlingUITests.debug.xcconfig"; path = "Target Support Files/Pods-RXSling-RXSlingUITests/Pods-RXSling-RXSlingUITests.debug.xcconfig"; sourceTree = "<group>"; };
		E20080C32486923A008EDE28 /* ReportViewController.swift */ = {isa = PBXFileReference; lastKnownFileType = sourcecode.swift; path = ReportViewController.swift; sourceTree = "<group>"; };
		E21D960A24D8408A00842CBE /* en */ = {isa = PBXFileReference; lastKnownFileType = text.plist.strings; name = en; path = en.lproj/Localizable.strings; sourceTree = "<group>"; };
		E21D960C24D840AB00842CBE /* es */ = {isa = PBXFileReference; lastKnownFileType = text.plist.strings; name = es; path = es.lproj/Main.strings; sourceTree = "<group>"; };
		E21D960D24D840B100842CBE /* es */ = {isa = PBXFileReference; lastKnownFileType = text.plist.strings; name = es; path = es.lproj/LaunchScreen.strings; sourceTree = "<group>"; };
		E21D960E24D840B500842CBE /* es */ = {isa = PBXFileReference; lastKnownFileType = text.plist.strings; name = es; path = es.lproj/Localizable.strings; sourceTree = "<group>"; };
		E23F5A49247FC1D40067B780 /* GoogleService-Info.plist */ = {isa = PBXFileReference; lastKnownFileType = text.plist; path = "GoogleService-Info.plist"; sourceTree = SOURCE_ROOT; };
		E24A3B3E6B16170CBA02D636 /* libPods-RXSlingTests.a */ = {isa = PBXFileReference; explicitFileType = archive.ar; includeInIndex = 0; path = "libPods-RXSlingTests.a"; sourceTree = BUILT_PRODUCTS_DIR; };
		E2684FBF2489868A007C7C7B /* ReportTableCell.swift */ = {isa = PBXFileReference; lastKnownFileType = sourcecode.swift; path = ReportTableCell.swift; sourceTree = "<group>"; };
		E2684FC124898FC5007C7C7B /* ReportDetailViewController.swift */ = {isa = PBXFileReference; lastKnownFileType = sourcecode.swift; path = ReportDetailViewController.swift; sourceTree = "<group>"; };
		E2FB3C3F249FE3C5000A7CAC /* StackViewController.swift */ = {isa = PBXFileReference; lastKnownFileType = sourcecode.swift; path = StackViewController.swift; sourceTree = "<group>"; };
		FB10F1F35E816D6D8CE0743D /* Pods-RXSlingUITests.debug.xcconfig */ = {isa = PBXFileReference; includeInIndex = 1; lastKnownFileType = text.xcconfig; name = "Pods-RXSlingUITests.debug.xcconfig"; path = "Target Support Files/Pods-RXSlingUITests/Pods-RXSlingUITests.debug.xcconfig"; sourceTree = "<group>"; };
		FD1C461A2452E1470008554B /* SNTModel.swift */ = {isa = PBXFileReference; lastKnownFileType = sourcecode.swift; name = SNTModel.swift; path = Dashboard/SNTModel.swift; sourceTree = "<group>"; };
		FD1C461E2452FDED0008554B /* Constants.swift */ = {isa = PBXFileReference; lastKnownFileType = sourcecode.swift; path = Constants.swift; sourceTree = "<group>"; };
		FD1F053A24569C3D00CE3B47 /* PlaySntViewController.swift */ = {isa = PBXFileReference; lastKnownFileType = sourcecode.swift; path = PlaySntViewController.swift; sourceTree = "<group>"; };
		FD1F053F24569C4F00CE3B47 /* ShareSntViewController.swift */ = {isa = PBXFileReference; lastKnownFileType = sourcecode.swift; path = ShareSntViewController.swift; sourceTree = "<group>"; };
		FD1F05442456A3BE00CE3B47 /* DashboardTableCell.swift */ = {isa = PBXFileReference; lastKnownFileType = sourcecode.swift; path = DashboardTableCell.swift; sourceTree = "<group>"; };
		FD1F05492456A42A00CE3B47 /* Utility.swift */ = {isa = PBXFileReference; lastKnownFileType = sourcecode.swift; path = Utility.swift; sourceTree = "<group>"; };
		FD1F054E2456A49000CE3B47 /* Extensions.swift */ = {isa = PBXFileReference; lastKnownFileType = sourcecode.swift; path = Extensions.swift; sourceTree = "<group>"; };
		FD4DCE7424544EEB004EC8A7 /* RXSling.app */ = {isa = PBXFileReference; explicitFileType = wrapper.application; includeInIndex = 0; path = RXSling.app; sourceTree = BUILT_PRODUCTS_DIR; };
		FDD8702C2456CCD7002FBE14 /* DesignableView.swift */ = {isa = PBXFileReference; lastKnownFileType = sourcecode.swift; path = DesignableView.swift; sourceTree = "<group>"; };
		FDF019CB2457FCFA00B7AC9D /* ContactsManager.swift */ = {isa = PBXFileReference; fileEncoding = 4; lastKnownFileType = sourcecode.swift; path = ContactsManager.swift; sourceTree = "<group>"; };
		FDF74BD8245AD5AA0045EE5D /* ShareViewController.swift */ = {isa = PBXFileReference; lastKnownFileType = sourcecode.swift; path = ShareViewController.swift; sourceTree = "<group>"; };
		FDFCEA43246288500037AE00 /* AttributedStringBuilder.swift */ = {isa = PBXFileReference; fileEncoding = 4; lastKnownFileType = sourcecode.swift; path = AttributedStringBuilder.swift; sourceTree = "<group>"; };
/* End PBXFileReference section */

/* Begin PBXFrameworksBuildPhase section */
		AEBA3136242885F3004BCADC /* Frameworks */ = {
			isa = PBXFrameworksBuildPhase;
			buildActionMask = 2147483647;
			files = (
				34E82F58074E99DF0A8164A0 /* Pods_RXSling_Stage.framework in Frameworks */,
			);
			runOnlyForDeploymentPostprocessing = 0;
		};
		AEBA314C242885F5004BCADC /* Frameworks */ = {
			isa = PBXFrameworksBuildPhase;
			buildActionMask = 2147483647;
			files = (
				DF700B5E2D8311D393C31479 /* libPods-RXSlingTests.a in Frameworks */,
			);
			runOnlyForDeploymentPostprocessing = 0;
		};
		AEBA3157242885F5004BCADC /* Frameworks */ = {
			isa = PBXFrameworksBuildPhase;
			buildActionMask = 2147483647;
			files = (
				F440458E0DAFDED02A150A48 /* libPods-RXSlingUITests.a in Frameworks */,
			);
			runOnlyForDeploymentPostprocessing = 0;
		};
		FD4DCE6824544EEB004EC8A7 /* Frameworks */ = {
			isa = PBXFrameworksBuildPhase;
			buildActionMask = 2147483647;
			files = (
				7D3E7C3F4086798983C31FA2 /* Pods_RXSling_Live.framework in Frameworks */,
			);
			runOnlyForDeploymentPostprocessing = 0;
		};
/* End PBXFrameworksBuildPhase section */

/* Begin PBXGroup section */
		0777CD5124B5AC8F00F64865 /* Team and Cluster Reports */ = {
			isa = PBXGroup;
			children = (
				07C9C43C24B327CE006AAF21 /* TeamReportViewController.swift */,
				07E32C3224B4423000A3A07A /* TeamReportModel.swift */,
				07E32C3024B360E100A3A07A /* TeamReportCell.swift */,
				0777CD5C24B87F4600F64865 /* SegmentedViewController.swift */,
				07C9C43E24B327E6006AAF21 /* TeamRepDetailViewController.swift */,
				0777CD5624B87BE200F64865 /* TeamTrendViewController.swift */,
				0777CD5924B87C0500F64865 /* TeamCustomerInfoViewController.swift */,
				0777CD5F24BC653C00F64865 /* TeamCustomerInfoCell.swift */,
			);
			path = "Team and Cluster Reports";
			sourceTree = "<group>";
		};
		AE5B81982428A26B002AED2B /* SplashScreen */ = {
			isa = PBXGroup;
			children = (
				AE5B81992428A28C002AED2B /* SplashScreenViewController.swift */,
			);
			path = SplashScreen;
			sourceTree = "<group>";
		};
		AE5B819D2428B1F1002AED2B /* Login */ = {
			isa = PBXGroup;
			children = (
				FDF019CB2457FCFA00B7AC9D /* ContactsManager.swift */,
				AE527FFE2450B12200264931 /* ProfileViewController.swift */,
				AE527FFA2450671200264931 /* ContextLabel.swift */,
				AE527FF62450665D00264931 /* FAQTitleTableViewCell.swift */,
				AE527FF42450647600264931 /* FaqViewController.swift */,
				AEAE8668244F131200C2B2E1 /* Terms&ConditionsView.swift */,
				AE5B819E2428B205002AED2B /* LoginViewController.swift */,
				AE5B81A52428D0F2002AED2B /* ForgotPinViewController.swift */,
				AEEA1BD52429DA38003CC9B9 /* ValidatePhoneNumberVC.swift */,
				AEEA1BD72429DA90003CC9B9 /* OTPViewController.swift */,
				AEEA1BD92429DAB8003CC9B9 /* RegistrationViewController.swift */,
				AE55F40E243CCE9D005BA703 /* changePasswordViewController.swift */,
				AE527FFC245067E900264931 /* FAQDataTableViewCell.swift */,
				AE54BB86246AC03C009AAF24 /* RXSling_Dev_Profile.mobileprovision */,
				AE5B81982428A26B002AED2B /* SplashScreen */,
			);
			path = Login;
			sourceTree = "<group>";
		};
		AE5B81A22428BC00002AED2B /* Utility */ = {
			isa = PBXGroup;
			children = (
				FDFCEA43246288500037AE00 /* AttributedStringBuilder.swift */,
				AE55F410243CDDCA005BA703 /* ImagePicker.swift */,
				AE5B81A32428BC0F002AED2B /* Global.swift */,
				FD1C461E2452FDED0008554B /* Constants.swift */,
				FD1F05492456A42A00CE3B47 /* Utility.swift */,
				FD1F054E2456A49000CE3B47 /* Extensions.swift */,
				07B392A324CABB6000CAFFDF /* VersionMannager.swift */,
			);
			path = Utility;
			sourceTree = "<group>";
		};
		AEBA3130242885F3004BCADC = {
			isa = PBXGroup;
			children = (
				AE2E5F13245F09FC00844F72 /* RXSling STAGE.entitlements */,
				AE2E5F12245F07EB00844F72 /* RXSling.entitlements */,
				AEBA313B242885F3004BCADC /* RXSling */,
				AEBA3152242885F5004BCADC /* RXSlingTests */,
				AEBA315D242885F5004BCADC /* RXSlingUITests */,
				AEBA313A242885F3004BCADC /* Products */,
				F8AD575468383460A8DDA7E7 /* Pods */,
				DFA6A0B95317860E334FB327 /* Frameworks */,
			);
			sourceTree = "<group>";
		};
		AEBA313A242885F3004BCADC /* Products */ = {
			isa = PBXGroup;
			children = (
				AEBA3139242885F3004BCADC /* RXSling_STAGE.app */,
				AEBA314F242885F5004BCADC /* RXSlingTests.xctest */,
				AEBA315A242885F5004BCADC /* RXSlingUITests.xctest */,
				FD4DCE7424544EEB004EC8A7 /* RXSling.app */,
			);
			name = Products;
			sourceTree = "<group>";
		};
		AEBA313B242885F3004BCADC /* RXSling */ = {
			isa = PBXGroup;
			children = (
				E23F5A49247FC1D40067B780 /* GoogleService-Info.plist */,
				E21D960B24D8408A00842CBE /* Localizable.strings */,
				AEBA313C242885F3004BCADC /* AppDelegate.swift */,
				AEBA313E242885F3004BCADC /* SceneDelegate.swift */,
				FDF74BD8245AD5AA0045EE5D /* ShareViewController.swift */,
				FDD8702C2456CCD7002FBE14 /* DesignableView.swift */,
				AE54BB89246AC072009AAF24 /* HelpViewController.swift */,
				FD1F053A24569C3D00CE3B47 /* PlaySntViewController.swift */,
				FD1F053F24569C4F00CE3B47 /* ShareSntViewController.swift */,
				07AFFF8D24C81AD5009433F3 /* CentralContactList.swift */,
				0892BD2C24F8EEBA00139DFD /* CentarlContactsListVC.swift */,
				08B14C1B25012E7B00DB5385 /* DoctorDetailInfoVC.swift */,
				FD1C461A2452E1470008554B /* SNTModel.swift */,
				AEBA3140242885F3004BCADC /* ViewController.swift */,
				E2FB3C3F249FE3C5000A7CAC /* StackViewController.swift */,
				FD1F05442456A3BE00CE3B47 /* DashboardTableCell.swift */,
				E2684FBF2489868A007C7C7B /* ReportTableCell.swift */,
				E20080C32486923A008EDE28 /* ReportViewController.swift */,
				E2684FC124898FC5007C7C7B /* ReportDetailViewController.swift */,
				AE2E5F0C245E9F6F00844F72 /* ResetPasswordVC.swift */,
				0777CD5124B5AC8F00F64865 /* Team and Cluster Reports */,
				AE5B819D2428B1F1002AED2B /* Login */,
				FDCA81722454183E006DF163 /* Dashboard */,
				AEF702412446F85000A87810 /* SideMenu */,
				AEEA1BDB2429DF60003CC9B9 /* Helpers */,
				AE5B81A22428BC00002AED2B /* Utility */,
				AE5B81A02428B354002AED2B /* AutoLayout+Extension.swift */,
				AEAE866A244F14A900C2B2E1 /* termsandconditions.html */,
				AE090BDF245DF5BC007D3C79 /* RXSling copy-Info.plist */,
				AEBA3142242885F3004BCADC /* Main.storyboard */,
				AEBA3145242885F5004BCADC /* Assets.xcassets */,
				AEBA3147242885F5004BCADC /* LaunchScreen.storyboard */,
				AEBA314A242885F5004BCADC /* Info.plist */,
			);
			path = RXSling;
			sourceTree = "<group>";
		};
		AEBA3152242885F5004BCADC /* RXSlingTests */ = {
			isa = PBXGroup;
			children = (
				AEBA3153242885F5004BCADC /* RXSlingTests.swift */,
				AEBA3155242885F5004BCADC /* Info.plist */,
			);
			path = RXSlingTests;
			sourceTree = "<group>";
		};
		AEBA315D242885F5004BCADC /* RXSlingUITests */ = {
			isa = PBXGroup;
			children = (
				AEBA315E242885F5004BCADC /* RXSlingUITests.swift */,
				AEBA3160242885F5004BCADC /* Info.plist */,
			);
			path = RXSlingUITests;
			sourceTree = "<group>";
		};
		AEEA1BDB2429DF60003CC9B9 /* Helpers */ = {
			isa = PBXGroup;
			children = (
				AE3E31C524348B0800013400 /* HTTPRequest.swift */,
				AE3E31C624348B0800013400 /* ProfilePic.swift */,
				AEEA1BDC2429DF8C003CC9B9 /* Reachability.swift */,
			);
			path = Helpers;
			sourceTree = "<group>";
		};
		AEF702412446F85000A87810 /* SideMenu */ = {
			isa = PBXGroup;
			children = (
				AEF702422446F86200A87810 /* MenuTableViewController.swift */,
				AEF702432446F86200A87810 /* MySideMenuNavigationController.swift */,
			);
			path = SideMenu;
			sourceTree = "<group>";
		};
		DFA6A0B95317860E334FB327 /* Frameworks */ = {
			isa = PBXGroup;
			children = (
				E24A3B3E6B16170CBA02D636 /* libPods-RXSlingTests.a */,
				377562C009B99D7287A9CC62 /* libPods-RXSlingUITests.a */,
				92CAF797E7B1CE8CE6ECEE4A /* Pods_RXSling_Live.framework */,
				1ABF0FFA1ADA1DE205A918E3 /* Pods_RXSling_Stage.framework */,
			);
			name = Frameworks;
			sourceTree = "<group>";
		};
		F8AD575468383460A8DDA7E7 /* Pods */ = {
			isa = PBXGroup;
			children = (
				42D196C238B51CFCD53C0352 /* Pods-RXSling.debug.xcconfig */,
				17FDE8740B08620ABE7351DD /* Pods-RXSling.release.xcconfig */,
				B18BCB06EFD30365FF3725A2 /* Pods-RXSling-RXSlingUITests.debug.xcconfig */,
				AD3FAD589A0643CE3624419F /* Pods-RXSling-RXSlingUITests.release.xcconfig */,
				9ED07CD0EBEC4AEE1B2C4E71 /* Pods-RXSlingTests.debug.xcconfig */,
				38F9117C507F6E3318E04EDE /* Pods-RXSlingTests.release.xcconfig */,
				7A3B58AAFC4C0EE6DF56AD1F /* Pods-RXSling Live.debug.xcconfig */,
				157454F22648B15A7B98FA42 /* Pods-RXSling Live.release.xcconfig */,
				A87F5AF6BE9243DE2D0F0B69 /* Pods-RXSling Stage.debug.xcconfig */,
				5582600BDAF2A170E0550181 /* Pods-RXSling Stage.release.xcconfig */,
				FB10F1F35E816D6D8CE0743D /* Pods-RXSlingUITests.debug.xcconfig */,
				337E5AF9D4BEAD7736FFC270 /* Pods-RXSlingUITests.release.xcconfig */,
			);
			path = Pods;
			sourceTree = "<group>";
		};
		FDCA81722454183E006DF163 /* Dashboard */ = {
			isa = PBXGroup;
			children = (
			);
			path = Dashboard;
			sourceTree = "<group>";
		};
/* End PBXGroup section */

/* Begin PBXNativeTarget section */
		AEBA3138242885F3004BCADC /* RXSling Stage */ = {
			isa = PBXNativeTarget;
			buildConfigurationList = AEBA3163242885F5004BCADC /* Build configuration list for PBXNativeTarget "RXSling Stage" */;
			buildPhases = (
				C46BEC685D754C9C0C77C36D /* [CP] Check Pods Manifest.lock */,
				AEBA3135242885F3004BCADC /* Sources */,
				AEBA3136242885F3004BCADC /* Frameworks */,
				AEBA3137242885F3004BCADC /* Resources */,
				494AF0DA613440E14802ED42 /* [CP] Embed Pods Frameworks */,
				AE6DF723246C260500AF6BB1 /* ShellScript */,
			);
			buildRules = (
			);
			dependencies = (
			);
			name = "RXSling Stage";
			productName = RXSling;
			productReference = AEBA3139242885F3004BCADC /* RXSling_STAGE.app */;
			productType = "com.apple.product-type.application";
		};
		AEBA314E242885F5004BCADC /* RXSlingTests */ = {
			isa = PBXNativeTarget;
			buildConfigurationList = AEBA3166242885F5004BCADC /* Build configuration list for PBXNativeTarget "RXSlingTests" */;
			buildPhases = (
				278C363B1916ECEFFC6E0640 /* [CP] Check Pods Manifest.lock */,
				AEBA314B242885F5004BCADC /* Sources */,
				AEBA314C242885F5004BCADC /* Frameworks */,
				AEBA314D242885F5004BCADC /* Resources */,
			);
			buildRules = (
			);
			dependencies = (
				AEBA3151242885F5004BCADC /* PBXTargetDependency */,
			);
			name = RXSlingTests;
			productName = RXSlingTests;
			productReference = AEBA314F242885F5004BCADC /* RXSlingTests.xctest */;
			productType = "com.apple.product-type.bundle.unit-test";
		};
		AEBA3159242885F5004BCADC /* RXSlingUITests */ = {
			isa = PBXNativeTarget;
			buildConfigurationList = AEBA3169242885F5004BCADC /* Build configuration list for PBXNativeTarget "RXSlingUITests" */;
			buildPhases = (
				AA2325A9D3B7F1E6F2074525 /* [CP] Check Pods Manifest.lock */,
				AEBA3156242885F5004BCADC /* Sources */,
				AEBA3157242885F5004BCADC /* Frameworks */,
				AEBA3158242885F5004BCADC /* Resources */,
			);
			buildRules = (
			);
			dependencies = (
				AEBA315C242885F5004BCADC /* PBXTargetDependency */,
			);
			name = RXSlingUITests;
			productName = RXSlingUITests;
			productReference = AEBA315A242885F5004BCADC /* RXSlingUITests.xctest */;
			productType = "com.apple.product-type.bundle.ui-testing";
		};
		FD4DCE4A24544EEB004EC8A7 /* RXSling Live */ = {
			isa = PBXNativeTarget;
			buildConfigurationList = FD4DCE7124544EEB004EC8A7 /* Build configuration list for PBXNativeTarget "RXSling Live" */;
			buildPhases = (
				FD4DCE4B24544EEB004EC8A7 /* [CP] Check Pods Manifest.lock */,
				FD4DCE4C24544EEB004EC8A7 /* Sources */,
				FD4DCE6824544EEB004EC8A7 /* Frameworks */,
				FD4DCE6A24544EEB004EC8A7 /* Resources */,
				1B40D640B1FB3B48B2908D58 /* [CP] Embed Pods Frameworks */,
				AE6DF71F246BF9C300AF6BB1 /* ShellScript */,
			);
			buildRules = (
			);
			dependencies = (
			);
			name = "RXSling Live";
			productName = RXSling;
			productReference = FD4DCE7424544EEB004EC8A7 /* RXSling.app */;
			productType = "com.apple.product-type.application";
		};
/* End PBXNativeTarget section */

/* Begin PBXProject section */
		AEBA3131242885F3004BCADC /* Project object */ = {
			isa = PBXProject;
			attributes = {
				LastSwiftUpdateCheck = 1110;
				LastUpgradeCheck = 1110;
				ORGANIZATIONNAME = "Divakara Y N.";
				TargetAttributes = {
					AEBA3138242885F3004BCADC = {
						CreatedOnToolsVersion = 11.1;
					};
					AEBA314E242885F5004BCADC = {
						CreatedOnToolsVersion = 11.1;
						TestTargetID = AEBA3138242885F3004BCADC;
					};
					AEBA3159242885F5004BCADC = {
						CreatedOnToolsVersion = 11.1;
						TestTargetID = AEBA3138242885F3004BCADC;
					};
				};
			};
			buildConfigurationList = AEBA3134242885F3004BCADC /* Build configuration list for PBXProject "RXSling" */;
			compatibilityVersion = "Xcode 9.3";
			developmentRegion = en;
			hasScannedForEncodings = 0;
			knownRegions = (
				en,
				Base,
				es,
			);
			mainGroup = AEBA3130242885F3004BCADC;
			productRefGroup = AEBA313A242885F3004BCADC /* Products */;
			projectDirPath = "";
			projectRoot = "";
			targets = (
				AEBA3138242885F3004BCADC /* RXSling Stage */,
				FD4DCE4A24544EEB004EC8A7 /* RXSling Live */,
				AEBA314E242885F5004BCADC /* RXSlingTests */,
				AEBA3159242885F5004BCADC /* RXSlingUITests */,
			);
		};
/* End PBXProject section */

/* Begin PBXResourcesBuildPhase section */
		AEBA3137242885F3004BCADC /* Resources */ = {
			isa = PBXResourcesBuildPhase;
			buildActionMask = 2147483647;
			files = (
				AEBA3149242885F5004BCADC /* LaunchScreen.storyboard in Resources */,
				E23F5A4A247FC1D50067B780 /* GoogleService-Info.plist in Resources */,
				AEBA3146242885F5004BCADC /* Assets.xcassets in Resources */,
				AE54BB87246AC03C009AAF24 /* RXSling_Dev_Profile.mobileprovision in Resources */,
				AEBA3144242885F3004BCADC /* Main.storyboard in Resources */,
				E21D960824D8408A00842CBE /* Localizable.strings in Resources */,
				AE090BE0245DF5BC007D3C79 /* RXSling copy-Info.plist in Resources */,
				AEAE866B244F14A900C2B2E1 /* termsandconditions.html in Resources */,
			);
			runOnlyForDeploymentPostprocessing = 0;
		};
		AEBA314D242885F5004BCADC /* Resources */ = {
			isa = PBXResourcesBuildPhase;
			buildActionMask = 2147483647;
			files = (
			);
			runOnlyForDeploymentPostprocessing = 0;
		};
		AEBA3158242885F5004BCADC /* Resources */ = {
			isa = PBXResourcesBuildPhase;
			buildActionMask = 2147483647;
			files = (
			);
			runOnlyForDeploymentPostprocessing = 0;
		};
		FD4DCE6A24544EEB004EC8A7 /* Resources */ = {
			isa = PBXResourcesBuildPhase;
			buildActionMask = 2147483647;
			files = (
				FD4DCE6B24544EEB004EC8A7 /* LaunchScreen.storyboard in Resources */,
				AE54BB88246AC03C009AAF24 /* RXSling_Dev_Profile.mobileprovision in Resources */,
				FD4DCE6D24544EEB004EC8A7 /* Assets.xcassets in Resources */,
				E21D960924D8408A00842CBE /* Localizable.strings in Resources */,
				FD4DCE6E24544EEB004EC8A7 /* Main.storyboard in Resources */,
				FD4DCE6F24544EEB004EC8A7 /* termsandconditions.html in Resources */,
				0704D5B624ADBBBF00138910 /* GoogleService-Info.plist in Resources */,
			);
			runOnlyForDeploymentPostprocessing = 0;
		};
/* End PBXResourcesBuildPhase section */

/* Begin PBXShellScriptBuildPhase section */
		1B40D640B1FB3B48B2908D58 /* [CP] Embed Pods Frameworks */ = {
			isa = PBXShellScriptBuildPhase;
			buildActionMask = 2147483647;
			files = (
			);
			inputFileListPaths = (
				"${PODS_ROOT}/Target Support Files/Pods-RXSling Live/Pods-RXSling Live-frameworks-${CONFIGURATION}-input-files.xcfilelist",
			);
			name = "[CP] Embed Pods Frameworks";
			outputFileListPaths = (
				"${PODS_ROOT}/Target Support Files/Pods-RXSling Live/Pods-RXSling Live-frameworks-${CONFIGURATION}-output-files.xcfilelist",
			);
			runOnlyForDeploymentPostprocessing = 0;
			shellPath = /bin/sh;
			shellScript = "\"${PODS_ROOT}/Target Support Files/Pods-RXSling Live/Pods-RXSling Live-frameworks.sh\"\n";
			showEnvVarsInLog = 0;
		};
		278C363B1916ECEFFC6E0640 /* [CP] Check Pods Manifest.lock */ = {
			isa = PBXShellScriptBuildPhase;
			buildActionMask = 2147483647;
			files = (
			);
			inputFileListPaths = (
			);
			inputPaths = (
				"${PODS_PODFILE_DIR_PATH}/Podfile.lock",
				"${PODS_ROOT}/Manifest.lock",
			);
			name = "[CP] Check Pods Manifest.lock";
			outputFileListPaths = (
			);
			outputPaths = (
				"$(DERIVED_FILE_DIR)/Pods-RXSlingTests-checkManifestLockResult.txt",
			);
			runOnlyForDeploymentPostprocessing = 0;
			shellPath = /bin/sh;
			shellScript = "diff \"${PODS_PODFILE_DIR_PATH}/Podfile.lock\" \"${PODS_ROOT}/Manifest.lock\" > /dev/null\nif [ $? != 0 ] ; then\n    # print error to STDERR\n    echo \"error: The sandbox is not in sync with the Podfile.lock. Run 'pod install' or update your CocoaPods installation.\" >&2\n    exit 1\nfi\n# This output is used by Xcode 'outputs' to avoid re-running this script phase.\necho \"SUCCESS\" > \"${SCRIPT_OUTPUT_FILE_0}\"\n";
			showEnvVarsInLog = 0;
		};
		494AF0DA613440E14802ED42 /* [CP] Embed Pods Frameworks */ = {
			isa = PBXShellScriptBuildPhase;
			buildActionMask = 2147483647;
			files = (
			);
			inputFileListPaths = (
				"${PODS_ROOT}/Target Support Files/Pods-RXSling Stage/Pods-RXSling Stage-frameworks-${CONFIGURATION}-input-files.xcfilelist",
			);
			name = "[CP] Embed Pods Frameworks";
			outputFileListPaths = (
				"${PODS_ROOT}/Target Support Files/Pods-RXSling Stage/Pods-RXSling Stage-frameworks-${CONFIGURATION}-output-files.xcfilelist",
			);
			runOnlyForDeploymentPostprocessing = 0;
			shellPath = /bin/sh;
			shellScript = "\"${PODS_ROOT}/Target Support Files/Pods-RXSling Stage/Pods-RXSling Stage-frameworks.sh\"\n";
			showEnvVarsInLog = 0;
		};
		AA2325A9D3B7F1E6F2074525 /* [CP] Check Pods Manifest.lock */ = {
			isa = PBXShellScriptBuildPhase;
			buildActionMask = 2147483647;
			files = (
			);
			inputFileListPaths = (
			);
			inputPaths = (
				"${PODS_PODFILE_DIR_PATH}/Podfile.lock",
				"${PODS_ROOT}/Manifest.lock",
			);
			name = "[CP] Check Pods Manifest.lock";
			outputFileListPaths = (
			);
			outputPaths = (
				"$(DERIVED_FILE_DIR)/Pods-RXSlingUITests-checkManifestLockResult.txt",
			);
			runOnlyForDeploymentPostprocessing = 0;
			shellPath = /bin/sh;
			shellScript = "diff \"${PODS_PODFILE_DIR_PATH}/Podfile.lock\" \"${PODS_ROOT}/Manifest.lock\" > /dev/null\nif [ $? != 0 ] ; then\n    # print error to STDERR\n    echo \"error: The sandbox is not in sync with the Podfile.lock. Run 'pod install' or update your CocoaPods installation.\" >&2\n    exit 1\nfi\n# This output is used by Xcode 'outputs' to avoid re-running this script phase.\necho \"SUCCESS\" > \"${SCRIPT_OUTPUT_FILE_0}\"\n";
			showEnvVarsInLog = 0;
		};
		AE6DF71F246BF9C300AF6BB1 /* ShellScript */ = {
			isa = PBXShellScriptBuildPhase;
			buildActionMask = 2147483647;
			files = (
			);
			inputFileListPaths = (
			);
			inputPaths = (
				"\"${/Users/divakara.y/Library/Developer/Xcode/DerivedData/RXSling-budvfsxnbnnpkibmqikunrisnzno/Build/Products/Debug-iphoneos}/${RXSling.app}/Contents/Resources/DWARF/${TARGET_NAME}\"",
			);
			outputFileListPaths = (
			);
			outputPaths = (
			);
			runOnlyForDeploymentPostprocessing = 0;
			shellPath = /bin/sh;
			shellScript = "# If installed via CocoaPods, then the \"run\" script will exist there\n\"${PODS_ROOT}/FirebaseCrashlytics/run\"\n";
		};
		AE6DF723246C260500AF6BB1 /* ShellScript */ = {
			isa = PBXShellScriptBuildPhase;
			buildActionMask = 2147483647;
			files = (
			);
			inputFileListPaths = (
			);
			inputPaths = (
				"\"${/Users/divakara.y/Library/Developer/Xcode/DerivedData/RXSling-budvfsxnbnnpkibmqikunrisnzno/Build/Products/Debug-iphoneos}/${RXSling.app}/Contents/Resources/DWARF/${TARGET_NAME}\"",
			);
			outputFileListPaths = (
			);
			outputPaths = (
			);
			runOnlyForDeploymentPostprocessing = 0;
			shellPath = /bin/sh;
			shellScript = "# If installed via CocoaPods, then the \"run\" script will exist there\n\"${PODS_ROOT}/FirebaseCrashlytics/run\"\n";
		};
		C46BEC685D754C9C0C77C36D /* [CP] Check Pods Manifest.lock */ = {
			isa = PBXShellScriptBuildPhase;
			buildActionMask = 2147483647;
			files = (
			);
			inputFileListPaths = (
			);
			inputPaths = (
				"${PODS_PODFILE_DIR_PATH}/Podfile.lock",
				"${PODS_ROOT}/Manifest.lock",
			);
			name = "[CP] Check Pods Manifest.lock";
			outputFileListPaths = (
			);
			outputPaths = (
				"$(DERIVED_FILE_DIR)/Pods-RXSling Stage-checkManifestLockResult.txt",
			);
			runOnlyForDeploymentPostprocessing = 0;
			shellPath = /bin/sh;
			shellScript = "diff \"${PODS_PODFILE_DIR_PATH}/Podfile.lock\" \"${PODS_ROOT}/Manifest.lock\" > /dev/null\nif [ $? != 0 ] ; then\n    # print error to STDERR\n    echo \"error: The sandbox is not in sync with the Podfile.lock. Run 'pod install' or update your CocoaPods installation.\" >&2\n    exit 1\nfi\n# This output is used by Xcode 'outputs' to avoid re-running this script phase.\necho \"SUCCESS\" > \"${SCRIPT_OUTPUT_FILE_0}\"\n";
			showEnvVarsInLog = 0;
		};
		FD4DCE4B24544EEB004EC8A7 /* [CP] Check Pods Manifest.lock */ = {
			isa = PBXShellScriptBuildPhase;
			buildActionMask = 2147483647;
			files = (
			);
			inputFileListPaths = (
			);
			inputPaths = (
				"${PODS_PODFILE_DIR_PATH}/Podfile.lock",
				"${PODS_ROOT}/Manifest.lock",
			);
			name = "[CP] Check Pods Manifest.lock";
			outputFileListPaths = (
			);
			outputPaths = (
				"$(DERIVED_FILE_DIR)/Pods-RXSling Live-checkManifestLockResult.txt",
			);
			runOnlyForDeploymentPostprocessing = 0;
			shellPath = /bin/sh;
			shellScript = "diff \"${PODS_PODFILE_DIR_PATH}/Podfile.lock\" \"${PODS_ROOT}/Manifest.lock\" > /dev/null\nif [ $? != 0 ] ; then\n    # print error to STDERR\n    echo \"error: The sandbox is not in sync with the Podfile.lock. Run 'pod install' or update your CocoaPods installation.\" >&2\n    exit 1\nfi\n# This output is used by Xcode 'outputs' to avoid re-running this script phase.\necho \"SUCCESS\" > \"${SCRIPT_OUTPUT_FILE_0}\"\n";
			showEnvVarsInLog = 0;
		};
/* End PBXShellScriptBuildPhase section */

/* Begin PBXSourcesBuildPhase section */
		AEBA3135242885F3004BCADC /* Sources */ = {
			isa = PBXSourcesBuildPhase;
			buildActionMask = 2147483647;
			files = (
				08B14C1C25012E7B00DB5385 /* DoctorDetailInfoVC.swift in Sources */,
				AE5B81A42428BC0F002AED2B /* Global.swift in Sources */,
				AEF702452446F86200A87810 /* MySideMenuNavigationController.swift in Sources */,
				0777CD6024BC653D00F64865 /* TeamCustomerInfoCell.swift in Sources */,
				E20080C42486923A008EDE28 /* ReportViewController.swift in Sources */,
				0777CD5D24B87F4600F64865 /* SegmentedViewController.swift in Sources */,
				AE5B819F2428B205002AED2B /* LoginViewController.swift in Sources */,
				AE527FF82450665D00264931 /* FAQTitleTableViewCell.swift in Sources */,
				AE3E31C824348B0800013400 /* ProfilePic.swift in Sources */,
				0892BD2D24F8EEBA00139DFD /* CentarlContactsListVC.swift in Sources */,
				AE55F411243CDDCA005BA703 /* ImagePicker.swift in Sources */,
				FDF74BD9245AD5AA0045EE5D /* ShareViewController.swift in Sources */,
				07C9C43F24B327E6006AAF21 /* TeamRepDetailViewController.swift in Sources */,
				0777CD5724B87BE200F64865 /* TeamTrendViewController.swift in Sources */,
				E2684FC02489868C007C7C7B /* ReportTableCell.swift in Sources */,
				FD1C461B2452E1470008554B /* SNTModel.swift in Sources */,
				FDF019CC2457FCFA00B7AC9D /* ContactsManager.swift in Sources */,
				FD1F053B24569C3D00CE3B47 /* PlaySntViewController.swift in Sources */,
				07E32C3324B4423100A3A07A /* TeamReportModel.swift in Sources */,
				AEBA3141242885F3004BCADC /* ViewController.swift in Sources */,
				07B392A424CABB6000CAFFDF /* VersionMannager.swift in Sources */,
				AEAE8669244F131200C2B2E1 /* Terms&ConditionsView.swift in Sources */,
				FD1F05452456A3BE00CE3B47 /* DashboardTableCell.swift in Sources */,
				AEEA1BD62429DA38003CC9B9 /* ValidatePhoneNumberVC.swift in Sources */,
				0777CD5A24B87C0500F64865 /* TeamCustomerInfoViewController.swift in Sources */,
				AE527FFD245067E900264931 /* FAQDataTableViewCell.swift in Sources */,
				FDD8702D2456CCD7002FBE14 /* DesignableView.swift in Sources */,
				AE527FFB2450671200264931 /* ContextLabel.swift in Sources */,
				AE5B81A12428B354002AED2B /* AutoLayout+Extension.swift in Sources */,
				AEEA1BDA2429DAB8003CC9B9 /* RegistrationViewController.swift in Sources */,
				AEEA1BD82429DA90003CC9B9 /* OTPViewController.swift in Sources */,
				AE55F40F243CCE9D005BA703 /* changePasswordViewController.swift in Sources */,
				AEBA313D242885F3004BCADC /* AppDelegate.swift in Sources */,
				FDFCEA44246288500037AE00 /* AttributedStringBuilder.swift in Sources */,
				07AFFF8E24C81AD5009433F3 /* CentralContactList.swift in Sources */,
				07E32C3124B360E100A3A07A /* TeamReportCell.swift in Sources */,
				AE2E5F0D245E9F6F00844F72 /* ResetPasswordVC.swift in Sources */,
				E2684FC224898FC5007C7C7B /* ReportDetailViewController.swift in Sources */,
				07C9C43D24B327CE006AAF21 /* TeamReportViewController.swift in Sources */,
				AE5B81A62428D0F2002AED2B /* ForgotPinViewController.swift in Sources */,
				AE5B819A2428A28C002AED2B /* SplashScreenViewController.swift in Sources */,
				AE54BB8A246AC072009AAF24 /* HelpViewController.swift in Sources */,
				AEF702442446F86200A87810 /* MenuTableViewController.swift in Sources */,
				E2FB3C40249FE3C5000A7CAC /* StackViewController.swift in Sources */,
				AE3E31C724348B0800013400 /* HTTPRequest.swift in Sources */,
				AEBA313F242885F3004BCADC /* SceneDelegate.swift in Sources */,
				AE527FFF2450B12200264931 /* ProfileViewController.swift in Sources */,
				FD1F054A2456A42A00CE3B47 /* Utility.swift in Sources */,
				FD1F054F2456A49000CE3B47 /* Extensions.swift in Sources */,
				AEEA1BDD2429DF8C003CC9B9 /* Reachability.swift in Sources */,
				FD1F054024569C4F00CE3B47 /* ShareSntViewController.swift in Sources */,
				AE527FF52450647600264931 /* FaqViewController.swift in Sources */,
				FD1C461F2452FDED0008554B /* Constants.swift in Sources */,
			);
			runOnlyForDeploymentPostprocessing = 0;
		};
		AEBA314B242885F5004BCADC /* Sources */ = {
			isa = PBXSourcesBuildPhase;
			buildActionMask = 2147483647;
			files = (
				FDFCEA46246288500037AE00 /* AttributedStringBuilder.swift in Sources */,
				FDD8702F2456CCD7002FBE14 /* DesignableView.swift in Sources */,
				FDF74BDB245AD5AA0045EE5D /* ShareViewController.swift in Sources */,
				FD1F053D24569C3D00CE3B47 /* PlaySntViewController.swift in Sources */,
				FD1F05472456A3BE00CE3B47 /* DashboardTableCell.swift in Sources */,
				FD1F054C2456A42A00CE3B47 /* Utility.swift in Sources */,
				AEBA3154242885F5004BCADC /* RXSlingTests.swift in Sources */,
				FD1F054224569C4F00CE3B47 /* ShareSntViewController.swift in Sources */,
				FD1C46202452FDED0008554B /* Constants.swift in Sources */,
				FD1F05512456A49000CE3B47 /* Extensions.swift in Sources */,
			);
			runOnlyForDeploymentPostprocessing = 0;
		};
		AEBA3156242885F5004BCADC /* Sources */ = {
			isa = PBXSourcesBuildPhase;
			buildActionMask = 2147483647;
			files = (
				FDFCEA47246288500037AE00 /* AttributedStringBuilder.swift in Sources */,
				FDD870302456CCD7002FBE14 /* DesignableView.swift in Sources */,
				FDF74BDC245AD5AA0045EE5D /* ShareViewController.swift in Sources */,
				FD1F053E24569C3D00CE3B47 /* PlaySntViewController.swift in Sources */,
				FD1F05482456A3BE00CE3B47 /* DashboardTableCell.swift in Sources */,
				FD1F054D2456A42A00CE3B47 /* Utility.swift in Sources */,
				AEBA315F242885F5004BCADC /* RXSlingUITests.swift in Sources */,
				FD1F054324569C4F00CE3B47 /* ShareSntViewController.swift in Sources */,
				FD1C46212452FDED0008554B /* Constants.swift in Sources */,
				FD1F05522456A49000CE3B47 /* Extensions.swift in Sources */,
			);
			runOnlyForDeploymentPostprocessing = 0;
		};
		FD4DCE4C24544EEB004EC8A7 /* Sources */ = {
			isa = PBXSourcesBuildPhase;
			buildActionMask = 2147483647;
			files = (
				08B14C1D250136B800DB5385 /* DoctorDetailInfoVC.swift in Sources */,
				FD4DCE4D24544EEB004EC8A7 /* Global.swift in Sources */,
				FD4DCE4E24544EEB004EC8A7 /* MySideMenuNavigationController.swift in Sources */,
				0777CD6124BC653D00F64865 /* TeamCustomerInfoCell.swift in Sources */,
				FD4DCE4F24544EEB004EC8A7 /* LoginViewController.swift in Sources */,
				0777CD5E24B87F4600F64865 /* SegmentedViewController.swift in Sources */,
				FD4DCE5024544EEB004EC8A7 /* FAQTitleTableViewCell.swift in Sources */,
				FD4DCE5124544EEB004EC8A7 /* ProfilePic.swift in Sources */,
				FD4DCE5224544EEB004EC8A7 /* ImagePicker.swift in Sources */,
				0704D5B524ADBB0C00138910 /* ReportDetailViewController.swift in Sources */,
				FDF74BDA245AD5AA0045EE5D /* ShareViewController.swift in Sources */,
				FD4DCE5424544EEB004EC8A7 /* SNTModel.swift in Sources */,
				0777CD5824B87BE200F64865 /* TeamTrendViewController.swift in Sources */,
				0704D5B424ADBB0800138910 /* ReportViewController.swift in Sources */,
				0704D5B324ADBB0500138910 /* ReportTableCell.swift in Sources */,
				FDF019CD2457FCFA00B7AC9D /* ContactsManager.swift in Sources */,
				FD1F053C24569C3D00CE3B47 /* PlaySntViewController.swift in Sources */,
				0777CD5324B5CCC700F64865 /* TeamReportModel.swift in Sources */,
				FD4DCE5624544EEB004EC8A7 /* Terms&ConditionsView.swift in Sources */,
				FD1F05462456A3BE00CE3B47 /* DashboardTableCell.swift in Sources */,
				07B392A524CABB6000CAFFDF /* VersionMannager.swift in Sources */,
				FD4DCE5724544EEB004EC8A7 /* ValidatePhoneNumberVC.swift in Sources */,
				FD4DCE5824544EEB004EC8A7 /* FAQDataTableViewCell.swift in Sources */,
				0777CD5B24B87C0500F64865 /* TeamCustomerInfoViewController.swift in Sources */,
				FDD8702E2456CCD7002FBE14 /* DesignableView.swift in Sources */,
				FD4DCE5924544EEB004EC8A7 /* ContextLabel.swift in Sources */,
				FD4DCE5A24544EEB004EC8A7 /* AutoLayout+Extension.swift in Sources */,
				FD4DCE5B24544EEB004EC8A7 /* RegistrationViewController.swift in Sources */,
				0704D5B124ADBADA00138910 /* ViewController.swift in Sources */,
				FD4DCE5C24544EEB004EC8A7 /* OTPViewController.swift in Sources */,
				0777CD5524B5CCCD00F64865 /* TeamRepDetailViewController.swift in Sources */,
				FD4DCE5D24544EEB004EC8A7 /* changePasswordViewController.swift in Sources */,
				07AFFF9224C83D53009433F3 /* CentralContactList.swift in Sources */,
				FD4DCE5E24544EEB004EC8A7 /* AppDelegate.swift in Sources */,
				0777CD5424B5CCCA00F64865 /* TeamReportCell.swift in Sources */,
				FDFCEA45246288500037AE00 /* AttributedStringBuilder.swift in Sources */,
				AE2E5F0E245E9F6F00844F72 /* ResetPasswordVC.swift in Sources */,
				0777CD5224B5CCC400F64865 /* TeamReportViewController.swift in Sources */,
				FD4DCE5F24544EEB004EC8A7 /* ForgotPinViewController.swift in Sources */,
				FD4DCE6024544EEB004EC8A7 /* SplashScreenViewController.swift in Sources */,
				0892BD2E24F8F5B700139DFD /* CentarlContactsListVC.swift in Sources */,
				AE54BB8B246AC072009AAF24 /* HelpViewController.swift in Sources */,
				FD4DCE6124544EEB004EC8A7 /* MenuTableViewController.swift in Sources */,
				FD4DCE6224544EEB004EC8A7 /* HTTPRequest.swift in Sources */,
				FD4DCE6324544EEB004EC8A7 /* SceneDelegate.swift in Sources */,
				FD4DCE6424544EEB004EC8A7 /* ProfileViewController.swift in Sources */,
				FD1F054B2456A42A00CE3B47 /* Utility.swift in Sources */,
				FD1F05502456A49000CE3B47 /* Extensions.swift in Sources */,
				FD4DCE6524544EEB004EC8A7 /* Reachability.swift in Sources */,
				FD1F054124569C4F00CE3B47 /* ShareSntViewController.swift in Sources */,
				FD4DCE6624544EEB004EC8A7 /* FaqViewController.swift in Sources */,
				FD4DCE6724544EEB004EC8A7 /* Constants.swift in Sources */,
				0704D5B224ADBAFF00138910 /* StackViewController.swift in Sources */,
			);
			runOnlyForDeploymentPostprocessing = 0;
		};
/* End PBXSourcesBuildPhase section */

/* Begin PBXTargetDependency section */
		AEBA3151242885F5004BCADC /* PBXTargetDependency */ = {
			isa = PBXTargetDependency;
			target = AEBA3138242885F3004BCADC /* RXSling Stage */;
			targetProxy = AEBA3150242885F5004BCADC /* PBXContainerItemProxy */;
		};
		AEBA315C242885F5004BCADC /* PBXTargetDependency */ = {
			isa = PBXTargetDependency;
			target = AEBA3138242885F3004BCADC /* RXSling Stage */;
			targetProxy = AEBA315B242885F5004BCADC /* PBXContainerItemProxy */;
		};
/* End PBXTargetDependency section */

/* Begin PBXVariantGroup section */
		AEBA3142242885F3004BCADC /* Main.storyboard */ = {
			isa = PBXVariantGroup;
			children = (
				AEBA3143242885F3004BCADC /* Base */,
				E21D960C24D840AB00842CBE /* es */,
			);
			name = Main.storyboard;
			sourceTree = "<group>";
		};
		AEBA3147242885F5004BCADC /* LaunchScreen.storyboard */ = {
			isa = PBXVariantGroup;
			children = (
				AEBA3148242885F5004BCADC /* Base */,
				E21D960D24D840B100842CBE /* es */,
			);
			name = LaunchScreen.storyboard;
			sourceTree = "<group>";
		};
		E21D960B24D8408A00842CBE /* Localizable.strings */ = {
			isa = PBXVariantGroup;
			children = (
				E21D960A24D8408A00842CBE /* en */,
				E21D960E24D840B500842CBE /* es */,
			);
			name = Localizable.strings;
			sourceTree = "<group>";
		};
/* End PBXVariantGroup section */

/* Begin XCBuildConfiguration section */
		AEBA3161242885F5004BCADC /* Debug */ = {
			isa = XCBuildConfiguration;
			buildSettings = {
				ALWAYS_SEARCH_USER_PATHS = NO;
				CLANG_ANALYZER_LOCALIZABILITY_NONLOCALIZED = YES;
				CLANG_ANALYZER_NONNULL = YES;
				CLANG_ANALYZER_NUMBER_OBJECT_CONVERSION = YES_AGGRESSIVE;
				CLANG_CXX_LANGUAGE_STANDARD = "gnu++14";
				CLANG_CXX_LIBRARY = "libc++";
				CLANG_ENABLE_MODULES = YES;
				CLANG_ENABLE_OBJC_ARC = YES;
				CLANG_ENABLE_OBJC_WEAK = YES;
				CLANG_WARN_BLOCK_CAPTURE_AUTORELEASING = YES;
				CLANG_WARN_BOOL_CONVERSION = YES;
				CLANG_WARN_COMMA = YES;
				CLANG_WARN_CONSTANT_CONVERSION = YES;
				CLANG_WARN_DEPRECATED_OBJC_IMPLEMENTATIONS = YES;
				CLANG_WARN_DIRECT_OBJC_ISA_USAGE = YES_ERROR;
				CLANG_WARN_DOCUMENTATION_COMMENTS = YES;
				CLANG_WARN_EMPTY_BODY = YES;
				CLANG_WARN_ENUM_CONVERSION = YES;
				CLANG_WARN_INFINITE_RECURSION = YES;
				CLANG_WARN_INT_CONVERSION = YES;
				CLANG_WARN_NON_LITERAL_NULL_CONVERSION = YES;
				CLANG_WARN_OBJC_IMPLICIT_RETAIN_SELF = YES;
				CLANG_WARN_OBJC_LITERAL_CONVERSION = YES;
				CLANG_WARN_OBJC_ROOT_CLASS = YES_ERROR;
				CLANG_WARN_RANGE_LOOP_ANALYSIS = YES;
				CLANG_WARN_STRICT_PROTOTYPES = YES;
				CLANG_WARN_SUSPICIOUS_MOVE = YES;
				CLANG_WARN_UNGUARDED_AVAILABILITY = YES_AGGRESSIVE;
				CLANG_WARN_UNREACHABLE_CODE = YES;
				CLANG_WARN__DUPLICATE_METHOD_MATCH = YES;
				COPY_PHASE_STRIP = NO;
				DEBUG_INFORMATION_FORMAT = "dwarf-with-dsym";
				ENABLE_STRICT_OBJC_MSGSEND = YES;
				ENABLE_TESTABILITY = YES;
				GCC_C_LANGUAGE_STANDARD = gnu11;
				GCC_DYNAMIC_NO_PIC = NO;
				GCC_NO_COMMON_BLOCKS = YES;
				GCC_OPTIMIZATION_LEVEL = 0;
				GCC_PREPROCESSOR_DEFINITIONS = (
					"DEBUG=1",
					"$(inherited)",
				);
				GCC_WARN_64_TO_32_BIT_CONVERSION = YES;
				GCC_WARN_ABOUT_RETURN_TYPE = YES_ERROR;
				GCC_WARN_UNDECLARED_SELECTOR = YES;
				GCC_WARN_UNINITIALIZED_AUTOS = YES_AGGRESSIVE;
				GCC_WARN_UNUSED_FUNCTION = YES;
				GCC_WARN_UNUSED_VARIABLE = YES;
				IPHONEOS_DEPLOYMENT_TARGET = 12.0;
				MTL_ENABLE_DEBUG_INFO = INCLUDE_SOURCE;
				MTL_FAST_MATH = YES;
				ONLY_ACTIVE_ARCH = YES;
				SDKROOT = iphoneos;
				SWIFT_ACTIVE_COMPILATION_CONDITIONS = DEBUG;
				SWIFT_OPTIMIZATION_LEVEL = "-Onone";
			};
			name = Debug;
		};
		AEBA3162242885F5004BCADC /* Release */ = {
			isa = XCBuildConfiguration;
			buildSettings = {
				ALWAYS_SEARCH_USER_PATHS = NO;
				CLANG_ANALYZER_LOCALIZABILITY_NONLOCALIZED = YES;
				CLANG_ANALYZER_NONNULL = YES;
				CLANG_ANALYZER_NUMBER_OBJECT_CONVERSION = YES_AGGRESSIVE;
				CLANG_CXX_LANGUAGE_STANDARD = "gnu++14";
				CLANG_CXX_LIBRARY = "libc++";
				CLANG_ENABLE_MODULES = YES;
				CLANG_ENABLE_OBJC_ARC = YES;
				CLANG_ENABLE_OBJC_WEAK = YES;
				CLANG_WARN_BLOCK_CAPTURE_AUTORELEASING = YES;
				CLANG_WARN_BOOL_CONVERSION = YES;
				CLANG_WARN_COMMA = YES;
				CLANG_WARN_CONSTANT_CONVERSION = YES;
				CLANG_WARN_DEPRECATED_OBJC_IMPLEMENTATIONS = YES;
				CLANG_WARN_DIRECT_OBJC_ISA_USAGE = YES_ERROR;
				CLANG_WARN_DOCUMENTATION_COMMENTS = YES;
				CLANG_WARN_EMPTY_BODY = YES;
				CLANG_WARN_ENUM_CONVERSION = YES;
				CLANG_WARN_INFINITE_RECURSION = YES;
				CLANG_WARN_INT_CONVERSION = YES;
				CLANG_WARN_NON_LITERAL_NULL_CONVERSION = YES;
				CLANG_WARN_OBJC_IMPLICIT_RETAIN_SELF = YES;
				CLANG_WARN_OBJC_LITERAL_CONVERSION = YES;
				CLANG_WARN_OBJC_ROOT_CLASS = YES_ERROR;
				CLANG_WARN_RANGE_LOOP_ANALYSIS = YES;
				CLANG_WARN_STRICT_PROTOTYPES = YES;
				CLANG_WARN_SUSPICIOUS_MOVE = YES;
				CLANG_WARN_UNGUARDED_AVAILABILITY = YES_AGGRESSIVE;
				CLANG_WARN_UNREACHABLE_CODE = YES;
				CLANG_WARN__DUPLICATE_METHOD_MATCH = YES;
				COPY_PHASE_STRIP = NO;
				DEBUG_INFORMATION_FORMAT = "dwarf-with-dsym";
				ENABLE_NS_ASSERTIONS = NO;
				ENABLE_STRICT_OBJC_MSGSEND = YES;
				GCC_C_LANGUAGE_STANDARD = gnu11;
				GCC_NO_COMMON_BLOCKS = YES;
				GCC_WARN_64_TO_32_BIT_CONVERSION = YES;
				GCC_WARN_ABOUT_RETURN_TYPE = YES_ERROR;
				GCC_WARN_UNDECLARED_SELECTOR = YES;
				GCC_WARN_UNINITIALIZED_AUTOS = YES_AGGRESSIVE;
				GCC_WARN_UNUSED_FUNCTION = YES;
				GCC_WARN_UNUSED_VARIABLE = YES;
				IPHONEOS_DEPLOYMENT_TARGET = 12.0;
				MTL_ENABLE_DEBUG_INFO = NO;
				MTL_FAST_MATH = YES;
				SDKROOT = iphoneos;
				SWIFT_COMPILATION_MODE = wholemodule;
				SWIFT_OPTIMIZATION_LEVEL = "-O";
				VALIDATE_PRODUCT = YES;
			};
			name = Release;
		};
		AEBA3164242885F5004BCADC /* Debug */ = {
			isa = XCBuildConfiguration;
			baseConfigurationReference = A87F5AF6BE9243DE2D0F0B69 /* Pods-RXSling Stage.debug.xcconfig */;
			buildSettings = {
				ASSETCATALOG_COMPILER_APPICON_NAME = AppIcon;
				CODE_SIGN_ENTITLEMENTS = "RXSling STAGE.entitlements";
				CODE_SIGN_IDENTITY = "iPhone Distribution";
				CODE_SIGN_STYLE = Manual;
				CURRENT_PROJECT_VERSION = 5;
				DEBUG_INFORMATION_FORMAT = "dwarf-with-dsym";
				DEVELOPMENT_TEAM = WTQ6SWE7KJ;
				INFOPLIST_FILE = RXSling/Info.plist;
				IPHONEOS_DEPLOYMENT_TARGET = 12.0;
				LD_RUNPATH_SEARCH_PATHS = (
					"$(inherited)",
					"@executable_path/Frameworks",
				);
				MARKETING_VERSION = 1.0.2;
				PRODUCT_BUNDLE_IDENTIFIER = com.rxprism.rxsling.ent;
				PRODUCT_NAME = RXSling_STAGE;
				PROVISIONING_PROFILE_SPECIFIER = RxSlingEntProfile;
				SWIFT_VERSION = 5.0;
				TARGETED_DEVICE_FAMILY = "1,2";
			};
			name = Debug;
		};
		AEBA3165242885F5004BCADC /* Release */ = {
			isa = XCBuildConfiguration;
			baseConfigurationReference = 5582600BDAF2A170E0550181 /* Pods-RXSling Stage.release.xcconfig */;
			buildSettings = {
				ASSETCATALOG_COMPILER_APPICON_NAME = AppIcon;
				CODE_SIGN_ENTITLEMENTS = "RXSling STAGE.entitlements";
				CODE_SIGN_IDENTITY = "iPhone Distribution";
				CODE_SIGN_STYLE = Manual;
				CURRENT_PROJECT_VERSION = 5;
				DEBUG_INFORMATION_FORMAT = "dwarf-with-dsym";
				DEVELOPMENT_TEAM = WTQ6SWE7KJ;
				INFOPLIST_FILE = RXSling/Info.plist;
				IPHONEOS_DEPLOYMENT_TARGET = 12.0;
				LD_RUNPATH_SEARCH_PATHS = (
					"$(inherited)",
					"@executable_path/Frameworks",
				);
				MARKETING_VERSION = 1.0.2;
				PRODUCT_BUNDLE_IDENTIFIER = com.rxprism.rxsling.ent;
				PRODUCT_NAME = RXSling_STAGE;
				PROVISIONING_PROFILE_SPECIFIER = RxSlingEntProfile;
				SWIFT_VERSION = 5.0;
				TARGETED_DEVICE_FAMILY = "1,2";
			};
			name = Release;
		};
		AEBA3167242885F5004BCADC /* Debug */ = {
			isa = XCBuildConfiguration;
			baseConfigurationReference = 9ED07CD0EBEC4AEE1B2C4E71 /* Pods-RXSlingTests.debug.xcconfig */;
			buildSettings = {
				ALWAYS_EMBED_SWIFT_STANDARD_LIBRARIES = YES;
				BUNDLE_LOADER = "$(TEST_HOST)";
				CODE_SIGN_STYLE = Manual;
				DEVELOPMENT_TEAM = VZ2C2DB7Z5;
				INFOPLIST_FILE = RXSlingTests/Info.plist;
				IPHONEOS_DEPLOYMENT_TARGET = 13.1;
				LD_RUNPATH_SEARCH_PATHS = (
					"$(inherited)",
					"@executable_path/Frameworks",
					"@loader_path/Frameworks",
				);
				PRODUCT_BUNDLE_IDENTIFIER = com.rxprism.RXSlingTests;
				PRODUCT_NAME = "$(TARGET_NAME)";
				PROVISIONING_PROFILE_SPECIFIER = "";
				"PROVISIONING_PROFILE_SPECIFIER[sdk=macosx*]" = "";
				SWIFT_VERSION = 5.0;
				TARGETED_DEVICE_FAMILY = "1,2";
				TEST_HOST = "$(BUILT_PRODUCTS_DIR)/RXSling.app/RXSling";
			};
			name = Debug;
		};
		AEBA3168242885F5004BCADC /* Release */ = {
			isa = XCBuildConfiguration;
			baseConfigurationReference = 38F9117C507F6E3318E04EDE /* Pods-RXSlingTests.release.xcconfig */;
			buildSettings = {
				ALWAYS_EMBED_SWIFT_STANDARD_LIBRARIES = YES;
				BUNDLE_LOADER = "$(TEST_HOST)";
				CODE_SIGN_STYLE = Manual;
				DEVELOPMENT_TEAM = VZ2C2DB7Z5;
				INFOPLIST_FILE = RXSlingTests/Info.plist;
				IPHONEOS_DEPLOYMENT_TARGET = 13.1;
				LD_RUNPATH_SEARCH_PATHS = (
					"$(inherited)",
					"@executable_path/Frameworks",
					"@loader_path/Frameworks",
				);
				PRODUCT_BUNDLE_IDENTIFIER = com.rxprism.RXSlingTests;
				PRODUCT_NAME = "$(TARGET_NAME)";
				PROVISIONING_PROFILE_SPECIFIER = "";
				"PROVISIONING_PROFILE_SPECIFIER[sdk=macosx*]" = "";
				SWIFT_VERSION = 5.0;
				TARGETED_DEVICE_FAMILY = "1,2";
				TEST_HOST = "$(BUILT_PRODUCTS_DIR)/RXSling.app/RXSling";
			};
			name = Release;
		};
		AEBA316A242885F5004BCADC /* Debug */ = {
			isa = XCBuildConfiguration;
			baseConfigurationReference = FB10F1F35E816D6D8CE0743D /* Pods-RXSlingUITests.debug.xcconfig */;
			buildSettings = {
				ALWAYS_EMBED_SWIFT_STANDARD_LIBRARIES = YES;
				CODE_SIGN_IDENTITY = "iPhone Developer";
				CODE_SIGN_STYLE = Manual;
				DEVELOPMENT_TEAM = VZ2C2DB7Z5;
				INFOPLIST_FILE = RXSlingUITests/Info.plist;
				LD_RUNPATH_SEARCH_PATHS = (
					"$(inherited)",
					"@executable_path/Frameworks",
					"@loader_path/Frameworks",
				);
				PRODUCT_BUNDLE_IDENTIFIER = com.rxprism.RXSlingUITests;
				PRODUCT_NAME = "$(TARGET_NAME)";
				PROVISIONING_PROFILE_SPECIFIER = Misport_WildCard;
				"PROVISIONING_PROFILE_SPECIFIER[sdk=macosx*]" = "";
				SWIFT_VERSION = 5.0;
				TARGETED_DEVICE_FAMILY = "1,2";
				TEST_TARGET_NAME = RXSling;
			};
			name = Debug;
		};
		AEBA316B242885F5004BCADC /* Release */ = {
			isa = XCBuildConfiguration;
			baseConfigurationReference = 337E5AF9D4BEAD7736FFC270 /* Pods-RXSlingUITests.release.xcconfig */;
			buildSettings = {
				ALWAYS_EMBED_SWIFT_STANDARD_LIBRARIES = YES;
				CODE_SIGN_IDENTITY = "iPhone Developer";
				CODE_SIGN_STYLE = Manual;
				DEVELOPMENT_TEAM = VZ2C2DB7Z5;
				INFOPLIST_FILE = RXSlingUITests/Info.plist;
				LD_RUNPATH_SEARCH_PATHS = (
					"$(inherited)",
					"@executable_path/Frameworks",
					"@loader_path/Frameworks",
				);
				PRODUCT_BUNDLE_IDENTIFIER = com.rxprism.RXSlingUITests;
				PRODUCT_NAME = "$(TARGET_NAME)";
				PROVISIONING_PROFILE_SPECIFIER = Misport_WildCard;
				"PROVISIONING_PROFILE_SPECIFIER[sdk=macosx*]" = "";
				SWIFT_VERSION = 5.0;
				TARGETED_DEVICE_FAMILY = "1,2";
				TEST_TARGET_NAME = RXSling;
			};
			name = Release;
		};
		FD4DCE7224544EEB004EC8A7 /* Debug */ = {
			isa = XCBuildConfiguration;
			baseConfigurationReference = 7A3B58AAFC4C0EE6DF56AD1F /* Pods-RXSling Live.debug.xcconfig */;
			buildSettings = {
				ASSETCATALOG_COMPILER_APPICON_NAME = AppIcon;
				CODE_SIGN_ENTITLEMENTS = RXSling.entitlements;
				CODE_SIGN_IDENTITY = "iPhone Distribution";
				CODE_SIGN_STYLE = Manual;
				CURRENT_PROJECT_VERSION = 5;
				DEBUG_INFORMATION_FORMAT = "dwarf-with-dsym";
				DEVELOPMENT_TEAM = SU8J6X53US;
				INFOPLIST_FILE = "RXSling copy-Info.plist";
				IPHONEOS_DEPLOYMENT_TARGET = 12.0;
				LD_RUNPATH_SEARCH_PATHS = (
					"$(inherited)",
					"@executable_path/Frameworks",
				);
				MARKETING_VERSION = 1.0.2;
				PRODUCT_BUNDLE_IDENTIFIER = com.myshowandtell.rxsling;
				PRODUCT_NAME = RXSling;
				PROVISIONING_PROFILE_SPECIFIER = "Rxsling Prod Profile";
				SWIFT_VERSION = 5.0;
				TARGETED_DEVICE_FAMILY = 1;
			};
			name = Debug;
		};
		FD4DCE7324544EEB004EC8A7 /* Release */ = {
			isa = XCBuildConfiguration;
			baseConfigurationReference = 157454F22648B15A7B98FA42 /* Pods-RXSling Live.release.xcconfig */;
			buildSettings = {
				ASSETCATALOG_COMPILER_APPICON_NAME = AppIcon;
				CODE_SIGN_ENTITLEMENTS = RXSling.entitlements;
				CODE_SIGN_IDENTITY = "iPhone Distribution";
				CODE_SIGN_STYLE = Manual;
				CURRENT_PROJECT_VERSION = 5;
				DEVELOPMENT_TEAM = SU8J6X53US;
				INFOPLIST_FILE = "RXSling copy-Info.plist";
				IPHONEOS_DEPLOYMENT_TARGET = 12.0;
				LD_RUNPATH_SEARCH_PATHS = (
					"$(inherited)",
					"@executable_path/Frameworks",
				);
				MARKETING_VERSION = 1.0.2;
				PRODUCT_BUNDLE_IDENTIFIER = com.myshowandtell.rxsling;
				PRODUCT_NAME = RXSling;
				PROVISIONING_PROFILE_SPECIFIER = "Rxsling Prod Profile";
				SWIFT_VERSION = 5.0;
				TARGETED_DEVICE_FAMILY = 1;
			};
			name = Release;
		};
/* End XCBuildConfiguration section */

/* Begin XCConfigurationList section */
		AEBA3134242885F3004BCADC /* Build configuration list for PBXProject "RXSling" */ = {
			isa = XCConfigurationList;
			buildConfigurations = (
				AEBA3161242885F5004BCADC /* Debug */,
				AEBA3162242885F5004BCADC /* Release */,
			);
			defaultConfigurationIsVisible = 0;
			defaultConfigurationName = Release;
		};
		AEBA3163242885F5004BCADC /* Build configuration list for PBXNativeTarget "RXSling Stage" */ = {
			isa = XCConfigurationList;
			buildConfigurations = (
				AEBA3164242885F5004BCADC /* Debug */,
				AEBA3165242885F5004BCADC /* Release */,
			);
			defaultConfigurationIsVisible = 0;
			defaultConfigurationName = Release;
		};
		AEBA3166242885F5004BCADC /* Build configuration list for PBXNativeTarget "RXSlingTests" */ = {
			isa = XCConfigurationList;
			buildConfigurations = (
				AEBA3167242885F5004BCADC /* Debug */,
				AEBA3168242885F5004BCADC /* Release */,
			);
			defaultConfigurationIsVisible = 0;
			defaultConfigurationName = Release;
		};
		AEBA3169242885F5004BCADC /* Build configuration list for PBXNativeTarget "RXSlingUITests" */ = {
			isa = XCConfigurationList;
			buildConfigurations = (
				AEBA316A242885F5004BCADC /* Debug */,
				AEBA316B242885F5004BCADC /* Release */,
			);
			defaultConfigurationIsVisible = 0;
			defaultConfigurationName = Release;
		};
		FD4DCE7124544EEB004EC8A7 /* Build configuration list for PBXNativeTarget "RXSling Live" */ = {
			isa = XCConfigurationList;
			buildConfigurations = (
				FD4DCE7224544EEB004EC8A7 /* Debug */,
				FD4DCE7324544EEB004EC8A7 /* Release */,
			);
			defaultConfigurationIsVisible = 0;
			defaultConfigurationName = Release;
		};
/* End XCConfigurationList section */
	};
	rootObject = AEBA3131242885F3004BCADC /* Project object */;
}
